// !$*UTF8*$!
{
	archiveVersion = 1;
	classes = {
	};
	objectVersion = 46;
	objects = {

/* Begin PBXBuildFile section */
		203C1BF91AA32188005B0D85 /* navigation_button_back@2x.png in Resources */ = {isa = PBXBuildFile; fileRef = 203C1BF81AA32188005B0D85 /* navigation_button_back@2x.png */; };
		2043C1B61AA4AD9300382205 /* logout@2x.png in Resources */ = {isa = PBXBuildFile; fileRef = 2043C1B51AA4AD9300382205 /* logout@2x.png */; };
		2043C1B81AA4AF5200382205 /* back@2x.png in Resources */ = {isa = PBXBuildFile; fileRef = 2043C1B71AA4AF5100382205 /* back@2x.png */; };
		2043C1BA1AA4B99C00382205 /* logo-60-60.png in Resources */ = {isa = PBXBuildFile; fileRef = 2043C1B91AA4B99C00382205 /* logo-60-60.png */; };
		2043C1BC1AA4BCE300382205 /* 200-2.png in Resources */ = {isa = PBXBuildFile; fileRef = 2043C1BB1AA4BCE300382205 /* 200-2.png */; };
		204647C11A9E23C700273CFD /* red.png in Resources */ = {isa = PBXBuildFile; fileRef = 204647C01A9E23C700273CFD /* red.png */; };
		2046CACA1A9DAB9A001DE9B7 /* Key@2x.png in Resources */ = {isa = PBXBuildFile; fileRef = 2046CAC81A9DAB9A001DE9B7 /* Key@2x.png */; };
		2046CACB1A9DAB9A001DE9B7 /* User@2x.png in Resources */ = {isa = PBXBuildFile; fileRef = 2046CAC91A9DAB9A001DE9B7 /* User@2x.png */; };
		207C0C9A1AAD298100A8DA64 /* MYDTitleSwitchView.m in Sources */ = {isa = PBXBuildFile; fileRef = 207C0C991AAD298100A8DA64 /* MYDTitleSwitchView.m */; };
		208F3E531AA3F5C300003D32 /* MYDViewControllerManager.m in Sources */ = {isa = PBXBuildFile; fileRef = 208F3E521AA3F5C300003D32 /* MYDViewControllerManager.m */; };
		3C2047F01A73AA9B0079B6C3 /* MYDItemDetailView.xib in Resources */ = {isa = PBXBuildFile; fileRef = 3C2047EF1A73AA9B0079B6C3 /* MYDItemDetailView.xib */; };
		3C2047F31A73AC620079B6C3 /* MYDItemDetailView.m in Sources */ = {isa = PBXBuildFile; fileRef = 3C2047F21A73AC620079B6C3 /* MYDItemDetailView.m */; };
		3C239E2F1A5BBF30008419A4 /* main.m in Sources */ = {isa = PBXBuildFile; fileRef = 3C239E2E1A5BBF30008419A4 /* main.m */; };
		3C239E321A5BBF30008419A4 /* AppDelegate.m in Sources */ = {isa = PBXBuildFile; fileRef = 3C239E311A5BBF30008419A4 /* AppDelegate.m */; };
		3C239E3A1A5BBF30008419A4 /* Images.xcassets in Resources */ = {isa = PBXBuildFile; fileRef = 3C239E391A5BBF30008419A4 /* Images.xcassets */; };
		3C239E3D1A5BBF30008419A4 /* LaunchScreen.xib in Resources */ = {isa = PBXBuildFile; fileRef = 3C239E3B1A5BBF30008419A4 /* LaunchScreen.xib */; };
		3C239E491A5BBF30008419A4 /* MeiYiDianTests.m in Sources */ = {isa = PBXBuildFile; fileRef = 3C239E481A5BBF30008419A4 /* MeiYiDianTests.m */; };
		3C239EB11A5BC612008419A4 /* ASIAuthenticationDialog.m in Sources */ = {isa = PBXBuildFile; fileRef = 3C239E5A1A5BC612008419A4 /* ASIAuthenticationDialog.m */; settings = {COMPILER_FLAGS = "-fno-objc-arc"; }; };
		3C239EB21A5BC612008419A4 /* ASIDataCompressor.m in Sources */ = {isa = PBXBuildFile; fileRef = 3C239E5D1A5BC612008419A4 /* ASIDataCompressor.m */; settings = {COMPILER_FLAGS = "-fno-objc-arc"; }; };
		3C239EB31A5BC612008419A4 /* ASIDataDecompressor.m in Sources */ = {isa = PBXBuildFile; fileRef = 3C239E5F1A5BC612008419A4 /* ASIDataDecompressor.m */; settings = {COMPILER_FLAGS = "-fno-objc-arc"; }; };
		3C239EB41A5BC612008419A4 /* ASIDownloadCache.m in Sources */ = {isa = PBXBuildFile; fileRef = 3C239E611A5BC612008419A4 /* ASIDownloadCache.m */; settings = {COMPILER_FLAGS = "-fno-objc-arc"; }; };
		3C239EB51A5BC612008419A4 /* ASIFormDataRequest.m in Sources */ = {isa = PBXBuildFile; fileRef = 3C239E631A5BC612008419A4 /* ASIFormDataRequest.m */; settings = {COMPILER_FLAGS = "-fno-objc-arc"; }; };
		3C239EB61A5BC612008419A4 /* ASIHTTPRequest.m in Sources */ = {isa = PBXBuildFile; fileRef = 3C239E651A5BC612008419A4 /* ASIHTTPRequest.m */; settings = {COMPILER_FLAGS = "-fno-objc-arc"; }; };
		3C239EB71A5BC612008419A4 /* ASIInputStream.m in Sources */ = {isa = PBXBuildFile; fileRef = 3C239E691A5BC612008419A4 /* ASIInputStream.m */; settings = {COMPILER_FLAGS = "-fno-objc-arc"; }; };
		3C239EB81A5BC612008419A4 /* ASINetworkQueue.m in Sources */ = {isa = PBXBuildFile; fileRef = 3C239E6B1A5BC612008419A4 /* ASINetworkQueue.m */; settings = {COMPILER_FLAGS = "-fno-objc-arc"; }; };
		3C239ED71A5BC612008419A4 /* Reachability.m in Sources */ = {isa = PBXBuildFile; fileRef = 3C239EB01A5BC612008419A4 /* Reachability.m */; settings = {COMPILER_FLAGS = "-fno-objc-arc"; }; };
		3C239EDA1A5BC7E1008419A4 /* MYDMediator.m in Sources */ = {isa = PBXBuildFile; fileRef = 3C239ED91A5BC7E1008419A4 /* MYDMediator.m */; };
		3C2A0CE01A820D8F00318799 /* MYDPictureScrollViewController.m in Sources */ = {isa = PBXBuildFile; fileRef = 3C2A0CDF1A820D8F00318799 /* MYDPictureScrollViewController.m */; };
		3C5844341A5CC613004310D1 /* CFNetwork.framework in Frameworks */ = {isa = PBXBuildFile; fileRef = 3C5844331A5CC613004310D1 /* CFNetwork.framework */; };
		3C5844361A5CC625004310D1 /* SystemConfiguration.framework in Frameworks */ = {isa = PBXBuildFile; fileRef = 3C5844351A5CC625004310D1 /* SystemConfiguration.framework */; };
		3C5844381A5CC631004310D1 /* MobileCoreServices.framework in Frameworks */ = {isa = PBXBuildFile; fileRef = 3C5844371A5CC631004310D1 /* MobileCoreServices.framework */; };
		3C58443A1A5CC638004310D1 /* CoreGraphics.framework in Frameworks */ = {isa = PBXBuildFile; fileRef = 3C5844391A5CC638004310D1 /* CoreGraphics.framework */; };
		3C58443C1A5CC643004310D1 /* libz.dylib in Frameworks */ = {isa = PBXBuildFile; fileRef = 3C58443B1A5CC643004310D1 /* libz.dylib */; };
		3C5E109B1A6C9018008D1E5E /* MYDEnterpriseIntroduceViewController.m in Sources */ = {isa = PBXBuildFile; fileRef = 3C5E10991A6C9018008D1E5E /* MYDEnterpriseIntroduceViewController.m */; };
		3C5E10A01A6C9272008D1E5E /* MYDMaterialIntroduceViewController.m in Sources */ = {isa = PBXBuildFile; fileRef = 3C5E109E1A6C9272008D1E5E /* MYDMaterialIntroduceViewController.m */; };
		3C5E10A51A6C92D7008D1E5E /* MYDPartyIntroduceViewController.m in Sources */ = {isa = PBXBuildFile; fileRef = 3C5E10A31A6C92D7008D1E5E /* MYDPartyIntroduceViewController.m */; };
		3C5E10AA1A6C930A008D1E5E /* MYDPriceIntroduceViewController.m in Sources */ = {isa = PBXBuildFile; fileRef = 3C5E10A81A6C930A008D1E5E /* MYDPriceIntroduceViewController.m */; };
		3C5E10AF1A6C9338008D1E5E /* MYDProjectIntroduceViewController.m in Sources */ = {isa = PBXBuildFile; fileRef = 3C5E10AD1A6C9338008D1E5E /* MYDProjectIntroduceViewController.m */; };
		3C5E10B41A6C935D008D1E5E /* MYDWritingIntroduceViewController.m in Sources */ = {isa = PBXBuildFile; fileRef = 3C5E10B21A6C935D008D1E5E /* MYDWritingIntroduceViewController.m */; };
		3C602FF01A85E3A700958A01 /* MYDCell1.m in Sources */ = {isa = PBXBuildFile; fileRef = 3C602FEF1A85E3A700958A01 /* MYDCell1.m */; };
		3C602FF31A85F7D900958A01 /* home_bg@2x.png in Resources */ = {isa = PBXBuildFile; fileRef = 3C602FF21A85F7D900958A01 /* home_bg@2x.png */; };
		3C602FF51A85F91400958A01 /* all_icon@2x.png in Resources */ = {isa = PBXBuildFile; fileRef = 3C602FF41A85F91400958A01 /* all_icon@2x.png */; };
		3C602FF71A85FA0900958A01 /* all_icon_1@2x.png in Resources */ = {isa = PBXBuildFile; fileRef = 3C602FF61A85FA0900958A01 /* all_icon_1@2x.png */; };
		3C602FF91A85FB6400958A01 /* all_icon_3@2x.png in Resources */ = {isa = PBXBuildFile; fileRef = 3C602FF81A85FB6400958A01 /* all_icon_3@2x.png */; };
		3C726BED1A763588000E577A /* MYDProgressManager.m in Sources */ = {isa = PBXBuildFile; fileRef = 3C726BEC1A763588000E577A /* MYDProgressManager.m */; };
		3C7E45951A877AC60063CD0E /* iCarousel.m in Sources */ = {isa = PBXBuildFile; fileRef = 3C7E45941A877AC60063CD0E /* iCarousel.m */; };
		3C7E45971A877E3D0063CD0E /* MYDPictureScrollViewController.xib in Resources */ = {isa = PBXBuildFile; fileRef = 3C7E45961A877E3D0063CD0E /* MYDPictureScrollViewController.xib */; };
		3C7E459B1A8790810063CD0E /* MBProgressHUD.m in Sources */ = {isa = PBXBuildFile; fileRef = 3C7E459A1A8790810063CD0E /* MBProgressHUD.m */; };
		3C921CF21A865DDD007EC0F1 /* 02_icon@2x.png in Resources */ = {isa = PBXBuildFile; fileRef = 3C921CEB1A865DDD007EC0F1 /* 02_icon@2x.png */; };
		3C921CF31A865DDD007EC0F1 /* 03_icon@2x.png in Resources */ = {isa = PBXBuildFile; fileRef = 3C921CEC1A865DDD007EC0F1 /* 03_icon@2x.png */; };
		3C921CF41A865DDD007EC0F1 /* 04_icon@2x.png in Resources */ = {isa = PBXBuildFile; fileRef = 3C921CED1A865DDD007EC0F1 /* 04_icon@2x.png */; };
		3C921CF51A865DDD007EC0F1 /* 05_icon@2x.png in Resources */ = {isa = PBXBuildFile; fileRef = 3C921CEE1A865DDD007EC0F1 /* 05_icon@2x.png */; };
		3C921CF61A865DDD007EC0F1 /* 06_icon@2x.png in Resources */ = {isa = PBXBuildFile; fileRef = 3C921CEF1A865DDD007EC0F1 /* 06_icon@2x.png */; };
		3C921CF71A865DDD007EC0F1 /* 07_icon@2x.png in Resources */ = {isa = PBXBuildFile; fileRef = 3C921CF01A865DDD007EC0F1 /* 07_icon@2x.png */; };
		3C921CF81A865DDD007EC0F1 /* 01_icon@2x.png in Resources */ = {isa = PBXBuildFile; fileRef = 3C921CF11A865DDD007EC0F1 /* 01_icon@2x.png */; };
		3C97A9461A7CB24B00EE191B /* MYDImageScrollViewController.m in Sources */ = {isa = PBXBuildFile; fileRef = 3C97A9441A7CB24B00EE191B /* MYDImageScrollViewController.m */; };
		3C97A9471A7CB24B00EE191B /* MYDImageScrollViewController.xib in Resources */ = {isa = PBXBuildFile; fileRef = 3C97A9451A7CB24B00EE191B /* MYDImageScrollViewController.xib */; };
		3CA5E5341A714DD600A7CFF6 /* MYDBaseSubViewController.m in Sources */ = {isa = PBXBuildFile; fileRef = 3CA5E5331A714DD600A7CFF6 /* MYDBaseSubViewController.m */; };
		3CC101891A7BD42E00A34B05 /* header.png in Resources */ = {isa = PBXBuildFile; fileRef = 3CC101881A7BD42E00A34B05 /* header.png */; };
		3CC1018B1A7BD4EB00A34B05 /* headerBig.png in Resources */ = {isa = PBXBuildFile; fileRef = 3CC1018A1A7BD4EB00A34B05 /* headerBig.png */; };
		3CC101921A7BD8E200A34B05 /* 产品介绍.png in Resources */ = {isa = PBXBuildFile; fileRef = 3CC1018C1A7BD8E200A34B05 /* 产品介绍.png */; };
		3CC101931A7BD8E200A34B05 /* 活动方案.png in Resources */ = {isa = PBXBuildFile; fileRef = 3CC1018D1A7BD8E200A34B05 /* 活动方案.png */; };
		3CC101941A7BD8E200A34B05 /* 价格表.png in Resources */ = {isa = PBXBuildFile; fileRef = 3CC1018E1A7BD8E200A34B05 /* 价格表.png */; };
		3CC101951A7BD8E200A34B05 /* 首页.PNG in Resources */ = {isa = PBXBuildFile; fileRef = 3CC1018F1A7BD8E200A34B05 /* 首页.PNG */; };
		3CC101961A7BD8E200A34B05 /* 项目介绍.png in Resources */ = {isa = PBXBuildFile; fileRef = 3CC101901A7BD8E200A34B05 /* 项目介绍.png */; };
		3CC101971A7BD8E200A34B05 /* 作品展示.png in Resources */ = {isa = PBXBuildFile; fileRef = 3CC101911A7BD8E200A34B05 /* 作品展示.png */; };
		3CC101991A7BE2E200A34B05 /* query.png in Resources */ = {isa = PBXBuildFile; fileRef = 3CC101981A7BE2E200A34B05 /* query.png */; };
		3CC67C971A7781370043DE4C /* MYDScrollView.m in Sources */ = {isa = PBXBuildFile; fileRef = 3CC67C961A7781370043DE4C /* MYDScrollView.m */; };
		3CC8B2341A8B9C9D00C0D277 /* MYDCollectionViewCell2.m in Sources */ = {isa = PBXBuildFile; fileRef = 3CC8B2321A8B9C9D00C0D277 /* MYDCollectionViewCell2.m */; };
		3CC8B2351A8B9C9D00C0D277 /* MYDCollectionViewCell2.xib in Resources */ = {isa = PBXBuildFile; fileRef = 3CC8B2331A8B9C9D00C0D277 /* MYDCollectionViewCell2.xib */; };
		3CC9122E1A8AF4A100359579 /* MYDCollectionViewCell.m in Sources */ = {isa = PBXBuildFile; fileRef = 3CC9122C1A8AF4A100359579 /* MYDCollectionViewCell.m */; };
		3CC9122F1A8AF4A100359579 /* MYDCollectionViewCell.xib in Resources */ = {isa = PBXBuildFile; fileRef = 3CC9122D1A8AF4A100359579 /* MYDCollectionViewCell.xib */; };
		3CCB9DCE1A68A39300031372 /* MYDLoginViewController.m in Sources */ = {isa = PBXBuildFile; fileRef = 3CCB9DCC1A68A39300031372 /* MYDLoginViewController.m */; };
		3CCB9DCF1A68A39300031372 /* MYDLoginViewController.xib in Resources */ = {isa = PBXBuildFile; fileRef = 3CCB9DCD1A68A39300031372 /* MYDLoginViewController.xib */; };
		3CCB9DD31A6907E000031372 /* MYDHomeViewController.m in Sources */ = {isa = PBXBuildFile; fileRef = 3CCB9DD11A6907E000031372 /* MYDHomeViewController.m */; };
		3CCB9DD41A6907E000031372 /* MYDHomeViewController.xib in Resources */ = {isa = PBXBuildFile; fileRef = 3CCB9DD21A6907E000031372 /* MYDHomeViewController.xib */; };
		3CCC29391A6D44780087F280 /* MKAnnotationView+WebCache.m in Sources */ = {isa = PBXBuildFile; fileRef = 3CCC29191A6D44780087F280 /* MKAnnotationView+WebCache.m */; };
		3CCC293A1A6D44780087F280 /* NSData+ImageContentType.m in Sources */ = {isa = PBXBuildFile; fileRef = 3CCC291B1A6D44780087F280 /* NSData+ImageContentType.m */; };
		3CCC293B1A6D44780087F280 /* SDImageCache.m in Sources */ = {isa = PBXBuildFile; fileRef = 3CCC291D1A6D44780087F280 /* SDImageCache.m */; };
		3CCC293C1A6D44780087F280 /* SDWebImageCompat.m in Sources */ = {isa = PBXBuildFile; fileRef = 3CCC291F1A6D44780087F280 /* SDWebImageCompat.m */; };
		3CCC293D1A6D44780087F280 /* SDWebImageDecoder.m in Sources */ = {isa = PBXBuildFile; fileRef = 3CCC29211A6D44780087F280 /* SDWebImageDecoder.m */; };
		3CCC293E1A6D44780087F280 /* SDWebImageDownloader.m in Sources */ = {isa = PBXBuildFile; fileRef = 3CCC29231A6D44780087F280 /* SDWebImageDownloader.m */; };
		3CCC293F1A6D44780087F280 /* SDWebImageDownloaderOperation.m in Sources */ = {isa = PBXBuildFile; fileRef = 3CCC29251A6D44780087F280 /* SDWebImageDownloaderOperation.m */; };
		3CCC29401A6D44780087F280 /* SDWebImageManager.m in Sources */ = {isa = PBXBuildFile; fileRef = 3CCC29271A6D44780087F280 /* SDWebImageManager.m */; };
		3CCC29411A6D44780087F280 /* SDWebImagePrefetcher.m in Sources */ = {isa = PBXBuildFile; fileRef = 3CCC292A1A6D44780087F280 /* SDWebImagePrefetcher.m */; };
		3CCC29421A6D44780087F280 /* UIButton+WebCache.m in Sources */ = {isa = PBXBuildFile; fileRef = 3CCC292C1A6D44780087F280 /* UIButton+WebCache.m */; };
		3CCC29431A6D44780087F280 /* UIImage+GIF.m in Sources */ = {isa = PBXBuildFile; fileRef = 3CCC292E1A6D44780087F280 /* UIImage+GIF.m */; };
		3CCC29441A6D44780087F280 /* UIImage+MultiFormat.m in Sources */ = {isa = PBXBuildFile; fileRef = 3CCC29301A6D44780087F280 /* UIImage+MultiFormat.m */; };
		3CCC29451A6D44780087F280 /* UIImage+WebP.m in Sources */ = {isa = PBXBuildFile; fileRef = 3CCC29321A6D44780087F280 /* UIImage+WebP.m */; };
		3CCC29461A6D44780087F280 /* UIImageView+HighlightedWebCache.m in Sources */ = {isa = PBXBuildFile; fileRef = 3CCC29341A6D44780087F280 /* UIImageView+HighlightedWebCache.m */; };
		3CCC29471A6D44780087F280 /* UIImageView+WebCache.m in Sources */ = {isa = PBXBuildFile; fileRef = 3CCC29361A6D44780087F280 /* UIImageView+WebCache.m */; };
		3CCC29481A6D44780087F280 /* UIView+WebCacheOperation.m in Sources */ = {isa = PBXBuildFile; fileRef = 3CCC29381A6D44780087F280 /* UIView+WebCacheOperation.m */; };
		3CCEAC371A5CDCD300BF16F0 /* RECommonFunctions.m in Sources */ = {isa = PBXBuildFile; fileRef = 3CCEAC321A5CDCD300BF16F0 /* RECommonFunctions.m */; };
		3CCEAC381A5CDCD300BF16F0 /* RESideMenu.m in Sources */ = {isa = PBXBuildFile; fileRef = 3CCEAC341A5CDCD300BF16F0 /* RESideMenu.m */; };
		3CCEAC391A5CDCD300BF16F0 /* UIViewController+RESideMenu.m in Sources */ = {isa = PBXBuildFile; fileRef = 3CCEAC361A5CDCD300BF16F0 /* UIViewController+RESideMenu.m */; };
		3CCEAC3E1A5CDDE100BF16F0 /* MYDBaseNavigationController.m in Sources */ = {isa = PBXBuildFile; fileRef = 3CCEAC3D1A5CDDE100BF16F0 /* MYDBaseNavigationController.m */; };
		3CCEAC4A1A5CDEDB00BF16F0 /* MYDBaseViewController.m in Sources */ = {isa = PBXBuildFile; fileRef = 3CCEAC491A5CDEDB00BF16F0 /* MYDBaseViewController.m */; };
		3CCEAC5B1A5CEB4700BF16F0 /* MYDMainViewController.m in Sources */ = {isa = PBXBuildFile; fileRef = 3CCEAC591A5CEB4700BF16F0 /* MYDMainViewController.m */; };
		3CCEAC5C1A5CEB4700BF16F0 /* MYDMainViewController.xib in Resources */ = {isa = PBXBuildFile; fileRef = 3CCEAC5A1A5CEB4700BF16F0 /* MYDMainViewController.xib */; };
		3CCEAC6D1A5E0F1800BF16F0 /* DDXMLElementAdditions.m in Sources */ = {isa = PBXBuildFile; fileRef = 3CCEAC601A5E0F1800BF16F0 /* DDXMLElementAdditions.m */; };
		3CCEAC6E1A5E0F1800BF16F0 /* NSString+DDXML.m in Sources */ = {isa = PBXBuildFile; fileRef = 3CCEAC631A5E0F1800BF16F0 /* NSString+DDXML.m */; };
		3CCEAC6F1A5E0F1800BF16F0 /* DDXMLDocument.m in Sources */ = {isa = PBXBuildFile; fileRef = 3CCEAC661A5E0F1800BF16F0 /* DDXMLDocument.m */; };
		3CCEAC701A5E0F1800BF16F0 /* DDXMLElement.m in Sources */ = {isa = PBXBuildFile; fileRef = 3CCEAC681A5E0F1800BF16F0 /* DDXMLElement.m */; };
		3CCEAC711A5E0F1800BF16F0 /* DDXMLNode.m in Sources */ = {isa = PBXBuildFile; fileRef = 3CCEAC6A1A5E0F1800BF16F0 /* DDXMLNode.m */; };
		3CCF8F891A5E2B450074ECED /* MYDNetwork.m in Sources */ = {isa = PBXBuildFile; fileRef = 3CCF8F881A5E2B450074ECED /* MYDNetwork.m */; };
		3CCF8F961A5E57730074ECED /* FMDatabase.m in Sources */ = {isa = PBXBuildFile; fileRef = 3CCF8F8C1A5E57730074ECED /* FMDatabase.m */; };
		3CCF8F971A5E57730074ECED /* FMDatabaseAdditions.m in Sources */ = {isa = PBXBuildFile; fileRef = 3CCF8F8E1A5E57730074ECED /* FMDatabaseAdditions.m */; };
		3CCF8F981A5E57730074ECED /* FMDatabasePool.m in Sources */ = {isa = PBXBuildFile; fileRef = 3CCF8F901A5E57730074ECED /* FMDatabasePool.m */; };
		3CCF8F991A5E57730074ECED /* FMDatabaseQueue.m in Sources */ = {isa = PBXBuildFile; fileRef = 3CCF8F921A5E57730074ECED /* FMDatabaseQueue.m */; };
		3CCF8F9A1A5E57730074ECED /* FMResultSet.m in Sources */ = {isa = PBXBuildFile; fileRef = 3CCF8F951A5E57730074ECED /* FMResultSet.m */; };
		3CCF8F9D1A5E62B20074ECED /* MYDBaseSplitViewController.m in Sources */ = {isa = PBXBuildFile; fileRef = 3CCF8F9C1A5E62B20074ECED /* MYDBaseSplitViewController.m */; };
		3CCF8FA91A5E65FD0074ECED /* libsqlite3.dylib in Frameworks */ = {isa = PBXBuildFile; fileRef = 3CCF8FA81A5E65FD0074ECED /* libsqlite3.dylib */; };
		3CCF8FAD1A5F60D60074ECED /* MYDPackageManager.m in Sources */ = {isa = PBXBuildFile; fileRef = 3CCF8FAC1A5F60D60074ECED /* MYDPackageManager.m */; };
		3CCF8FB01A5F611B0074ECED /* MYDDBManager.m in Sources */ = {isa = PBXBuildFile; fileRef = 3CCF8FAF1A5F611B0074ECED /* MYDDBManager.m */; };
		3CE5A62B1A89AD5700702B29 /* LOGO_144X144.png in Resources */ = {isa = PBXBuildFile; fileRef = 3CE5A6271A89AD5700702B29 /* LOGO_144X144.png */; };
		3CE5A62C1A89AD5700702B29 /* LOGO_152X152.png in Resources */ = {isa = PBXBuildFile; fileRef = 3CE5A6281A89AD5700702B29 /* LOGO_152X152.png */; };
		3CE5A62D1A89AD5700702B29 /* LOGO_72X72.png in Resources */ = {isa = PBXBuildFile; fileRef = 3CE5A6291A89AD5700702B29 /* LOGO_72X72.png */; };
		3CE5A62E1A89AD5700702B29 /* LOGO_76X76.png in Resources */ = {isa = PBXBuildFile; fileRef = 3CE5A62A1A89AD5700702B29 /* LOGO_76X76.png */; };
		3CE5A6311A89D41300702B29 /* btn_noSelected@2x.png in Resources */ = {isa = PBXBuildFile; fileRef = 3CE5A62F1A89D41300702B29 /* btn_noSelected@2x.png */; };
		3CE5A6321A89D41300702B29 /* btn_selected@2x.png in Resources */ = {isa = PBXBuildFile; fileRef = 3CE5A6301A89D41300702B29 /* btn_selected@2x.png */; };
/* End PBXBuildFile section */

/* Begin PBXContainerItemProxy section */
		3C239E431A5BBF30008419A4 /* PBXContainerItemProxy */ = {
			isa = PBXContainerItemProxy;
			containerPortal = 3C239E211A5BBF30008419A4 /* Project object */;
			proxyType = 1;
			remoteGlobalIDString = 3C239E281A5BBF30008419A4;
			remoteInfo = MeiYiDian;
		};
/* End PBXContainerItemProxy section */

/* Begin PBXFileReference section */
		203C1BF81AA32188005B0D85 /* navigation_button_back@2x.png */ = {isa = PBXFileReference; lastKnownFileType = image.png; path = "navigation_button_back@2x.png"; sourceTree = "<group>"; };
		2043C1B51AA4AD9300382205 /* logout@2x.png */ = {isa = PBXFileReference; lastKnownFileType = image.png; path = "logout@2x.png"; sourceTree = "<group>"; };
		2043C1B71AA4AF5100382205 /* back@2x.png */ = {isa = PBXFileReference; lastKnownFileType = image.png; path = "back@2x.png"; sourceTree = "<group>"; };
		2043C1B91AA4B99C00382205 /* logo-60-60.png */ = {isa = PBXFileReference; lastKnownFileType = image.png; path = "logo-60-60.png"; sourceTree = "<group>"; };
		2043C1BB1AA4BCE300382205 /* 200-2.png */ = {isa = PBXFileReference; lastKnownFileType = image.png; path = "200-2.png"; sourceTree = "<group>"; };
		204647C01A9E23C700273CFD /* red.png */ = {isa = PBXFileReference; lastKnownFileType = image.png; path = red.png; sourceTree = "<group>"; };
		2046CAC81A9DAB9A001DE9B7 /* Key@2x.png */ = {isa = PBXFileReference; lastKnownFileType = image.png; path = "Key@2x.png"; sourceTree = "<group>"; };
		2046CAC91A9DAB9A001DE9B7 /* User@2x.png */ = {isa = PBXFileReference; lastKnownFileType = image.png; path = "User@2x.png"; sourceTree = "<group>"; };
		207C0C981AAD298100A8DA64 /* MYDTitleSwitchView.h */ = {isa = PBXFileReference; fileEncoding = 4; lastKnownFileType = sourcecode.c.h; path = MYDTitleSwitchView.h; sourceTree = "<group>"; };
		207C0C991AAD298100A8DA64 /* MYDTitleSwitchView.m */ = {isa = PBXFileReference; fileEncoding = 4; lastKnownFileType = sourcecode.c.objc; path = MYDTitleSwitchView.m; sourceTree = "<group>"; };
		208F3E511AA3F5C300003D32 /* MYDViewControllerManager.h */ = {isa = PBXFileReference; fileEncoding = 4; lastKnownFileType = sourcecode.c.h; path = MYDViewControllerManager.h; sourceTree = "<group>"; };
		208F3E521AA3F5C300003D32 /* MYDViewControllerManager.m */ = {isa = PBXFileReference; fileEncoding = 4; lastKnownFileType = sourcecode.c.objc; path = MYDViewControllerManager.m; sourceTree = "<group>"; };
		3C2047EF1A73AA9B0079B6C3 /* MYDItemDetailView.xib */ = {isa = PBXFileReference; fileEncoding = 4; lastKnownFileType = file.xib; path = MYDItemDetailView.xib; sourceTree = "<group>"; };
		3C2047F11A73AC620079B6C3 /* MYDItemDetailView.h */ = {isa = PBXFileReference; fileEncoding = 4; lastKnownFileType = sourcecode.c.h; path = MYDItemDetailView.h; sourceTree = "<group>"; };
		3C2047F21A73AC620079B6C3 /* MYDItemDetailView.m */ = {isa = PBXFileReference; fileEncoding = 4; lastKnownFileType = sourcecode.c.objc; path = MYDItemDetailView.m; sourceTree = "<group>"; };
		3C239E291A5BBF30008419A4 /* MeiYiDian.app */ = {isa = PBXFileReference; explicitFileType = wrapper.application; includeInIndex = 0; path = MeiYiDian.app; sourceTree = BUILT_PRODUCTS_DIR; };
		3C239E2D1A5BBF30008419A4 /* Info.plist */ = {isa = PBXFileReference; lastKnownFileType = text.plist.xml; path = Info.plist; sourceTree = "<group>"; };
		3C239E2E1A5BBF30008419A4 /* main.m */ = {isa = PBXFileReference; lastKnownFileType = sourcecode.c.objc; path = main.m; sourceTree = "<group>"; };
		3C239E301A5BBF30008419A4 /* AppDelegate.h */ = {isa = PBXFileReference; lastKnownFileType = sourcecode.c.h; path = AppDelegate.h; sourceTree = "<group>"; };
		3C239E311A5BBF30008419A4 /* AppDelegate.m */ = {isa = PBXFileReference; lastKnownFileType = sourcecode.c.objc; path = AppDelegate.m; sourceTree = "<group>"; };
		3C239E391A5BBF30008419A4 /* Images.xcassets */ = {isa = PBXFileReference; lastKnownFileType = folder.assetcatalog; path = Images.xcassets; sourceTree = "<group>"; };
		3C239E3C1A5BBF30008419A4 /* Base */ = {isa = PBXFileReference; lastKnownFileType = file.xib; name = Base; path = Base.lproj/LaunchScreen.xib; sourceTree = "<group>"; };
		3C239E421A5BBF30008419A4 /* MeiYiDianTests.xctest */ = {isa = PBXFileReference; explicitFileType = wrapper.cfbundle; includeInIndex = 0; path = MeiYiDianTests.xctest; sourceTree = BUILT_PRODUCTS_DIR; };
		3C239E471A5BBF30008419A4 /* Info.plist */ = {isa = PBXFileReference; lastKnownFileType = text.plist.xml; path = Info.plist; sourceTree = "<group>"; };
		3C239E481A5BBF30008419A4 /* MeiYiDianTests.m */ = {isa = PBXFileReference; lastKnownFileType = sourcecode.c.objc; path = MeiYiDianTests.m; sourceTree = "<group>"; };
		3C239E591A5BC612008419A4 /* ASIAuthenticationDialog.h */ = {isa = PBXFileReference; fileEncoding = 4; lastKnownFileType = sourcecode.c.h; path = ASIAuthenticationDialog.h; sourceTree = "<group>"; };
		3C239E5A1A5BC612008419A4 /* ASIAuthenticationDialog.m */ = {isa = PBXFileReference; fileEncoding = 4; lastKnownFileType = sourcecode.c.objc; path = ASIAuthenticationDialog.m; sourceTree = "<group>"; };
		3C239E5B1A5BC612008419A4 /* ASICacheDelegate.h */ = {isa = PBXFileReference; fileEncoding = 4; lastKnownFileType = sourcecode.c.h; path = ASICacheDelegate.h; sourceTree = "<group>"; };
		3C239E5C1A5BC612008419A4 /* ASIDataCompressor.h */ = {isa = PBXFileReference; fileEncoding = 4; lastKnownFileType = sourcecode.c.h; path = ASIDataCompressor.h; sourceTree = "<group>"; };
		3C239E5D1A5BC612008419A4 /* ASIDataCompressor.m */ = {isa = PBXFileReference; fileEncoding = 4; lastKnownFileType = sourcecode.c.objc; path = ASIDataCompressor.m; sourceTree = "<group>"; };
		3C239E5E1A5BC612008419A4 /* ASIDataDecompressor.h */ = {isa = PBXFileReference; fileEncoding = 4; lastKnownFileType = sourcecode.c.h; path = ASIDataDecompressor.h; sourceTree = "<group>"; };
		3C239E5F1A5BC612008419A4 /* ASIDataDecompressor.m */ = {isa = PBXFileReference; fileEncoding = 4; lastKnownFileType = sourcecode.c.objc; path = ASIDataDecompressor.m; sourceTree = "<group>"; };
		3C239E601A5BC612008419A4 /* ASIDownloadCache.h */ = {isa = PBXFileReference; fileEncoding = 4; lastKnownFileType = sourcecode.c.h; path = ASIDownloadCache.h; sourceTree = "<group>"; };
		3C239E611A5BC612008419A4 /* ASIDownloadCache.m */ = {isa = PBXFileReference; fileEncoding = 4; lastKnownFileType = sourcecode.c.objc; path = ASIDownloadCache.m; sourceTree = "<group>"; };
		3C239E621A5BC612008419A4 /* ASIFormDataRequest.h */ = {isa = PBXFileReference; fileEncoding = 4; lastKnownFileType = sourcecode.c.h; path = ASIFormDataRequest.h; sourceTree = "<group>"; };
		3C239E631A5BC612008419A4 /* ASIFormDataRequest.m */ = {isa = PBXFileReference; fileEncoding = 4; lastKnownFileType = sourcecode.c.objc; path = ASIFormDataRequest.m; sourceTree = "<group>"; };
		3C239E641A5BC612008419A4 /* ASIHTTPRequest.h */ = {isa = PBXFileReference; fileEncoding = 4; lastKnownFileType = sourcecode.c.h; path = ASIHTTPRequest.h; sourceTree = "<group>"; };
		3C239E651A5BC612008419A4 /* ASIHTTPRequest.m */ = {isa = PBXFileReference; fileEncoding = 4; lastKnownFileType = sourcecode.c.objc; path = ASIHTTPRequest.m; sourceTree = "<group>"; };
		3C239E661A5BC612008419A4 /* ASIHTTPRequestConfig.h */ = {isa = PBXFileReference; fileEncoding = 4; lastKnownFileType = sourcecode.c.h; path = ASIHTTPRequestConfig.h; sourceTree = "<group>"; };
		3C239E671A5BC612008419A4 /* ASIHTTPRequestDelegate.h */ = {isa = PBXFileReference; fileEncoding = 4; lastKnownFileType = sourcecode.c.h; path = ASIHTTPRequestDelegate.h; sourceTree = "<group>"; };
		3C239E681A5BC612008419A4 /* ASIInputStream.h */ = {isa = PBXFileReference; fileEncoding = 4; lastKnownFileType = sourcecode.c.h; path = ASIInputStream.h; sourceTree = "<group>"; };
		3C239E691A5BC612008419A4 /* ASIInputStream.m */ = {isa = PBXFileReference; fileEncoding = 4; lastKnownFileType = sourcecode.c.objc; path = ASIInputStream.m; sourceTree = "<group>"; };
		3C239E6A1A5BC612008419A4 /* ASINetworkQueue.h */ = {isa = PBXFileReference; fileEncoding = 4; lastKnownFileType = sourcecode.c.h; path = ASINetworkQueue.h; sourceTree = "<group>"; };
		3C239E6B1A5BC612008419A4 /* ASINetworkQueue.m */ = {isa = PBXFileReference; fileEncoding = 4; lastKnownFileType = sourcecode.c.objc; path = ASINetworkQueue.m; sourceTree = "<group>"; };
		3C239E6C1A5BC612008419A4 /* ASIProgressDelegate.h */ = {isa = PBXFileReference; fileEncoding = 4; lastKnownFileType = sourcecode.c.h; path = ASIProgressDelegate.h; sourceTree = "<group>"; };
		3C239EAF1A5BC612008419A4 /* Reachability.h */ = {isa = PBXFileReference; fileEncoding = 4; lastKnownFileType = sourcecode.c.h; path = Reachability.h; sourceTree = "<group>"; };
		3C239EB01A5BC612008419A4 /* Reachability.m */ = {isa = PBXFileReference; fileEncoding = 4; lastKnownFileType = sourcecode.c.objc; path = Reachability.m; sourceTree = "<group>"; };
		3C239ED81A5BC7E1008419A4 /* MYDMediator.h */ = {isa = PBXFileReference; fileEncoding = 4; lastKnownFileType = sourcecode.c.h; path = MYDMediator.h; sourceTree = "<group>"; };
		3C239ED91A5BC7E1008419A4 /* MYDMediator.m */ = {isa = PBXFileReference; fileEncoding = 4; lastKnownFileType = sourcecode.c.objc; path = MYDMediator.m; sourceTree = "<group>"; };
		3C239EDE1A5BCB0E008419A4 /* MYDConfig.h */ = {isa = PBXFileReference; lastKnownFileType = sourcecode.c.h; path = MYDConfig.h; sourceTree = "<group>"; };
		3C2A0CDE1A820D8F00318799 /* MYDPictureScrollViewController.h */ = {isa = PBXFileReference; fileEncoding = 4; lastKnownFileType = sourcecode.c.h; path = MYDPictureScrollViewController.h; sourceTree = "<group>"; };
		3C2A0CDF1A820D8F00318799 /* MYDPictureScrollViewController.m */ = {isa = PBXFileReference; fileEncoding = 4; lastKnownFileType = sourcecode.c.objc; path = MYDPictureScrollViewController.m; sourceTree = "<group>"; };
		3C5844331A5CC613004310D1 /* CFNetwork.framework */ = {isa = PBXFileReference; lastKnownFileType = wrapper.framework; name = CFNetwork.framework; path = System/Library/Frameworks/CFNetwork.framework; sourceTree = SDKROOT; };
		3C5844351A5CC625004310D1 /* SystemConfiguration.framework */ = {isa = PBXFileReference; lastKnownFileType = wrapper.framework; name = SystemConfiguration.framework; path = System/Library/Frameworks/SystemConfiguration.framework; sourceTree = SDKROOT; };
		3C5844371A5CC631004310D1 /* MobileCoreServices.framework */ = {isa = PBXFileReference; lastKnownFileType = wrapper.framework; name = MobileCoreServices.framework; path = System/Library/Frameworks/MobileCoreServices.framework; sourceTree = SDKROOT; };
		3C5844391A5CC638004310D1 /* CoreGraphics.framework */ = {isa = PBXFileReference; lastKnownFileType = wrapper.framework; name = CoreGraphics.framework; path = System/Library/Frameworks/CoreGraphics.framework; sourceTree = SDKROOT; };
		3C58443B1A5CC643004310D1 /* libz.dylib */ = {isa = PBXFileReference; lastKnownFileType = "compiled.mach-o.dylib"; name = libz.dylib; path = usr/lib/libz.dylib; sourceTree = SDKROOT; };
		3C5E10981A6C9018008D1E5E /* MYDEnterpriseIntroduceViewController.h */ = {isa = PBXFileReference; fileEncoding = 4; lastKnownFileType = sourcecode.c.h; path = MYDEnterpriseIntroduceViewController.h; sourceTree = "<group>"; };
		3C5E10991A6C9018008D1E5E /* MYDEnterpriseIntroduceViewController.m */ = {isa = PBXFileReference; fileEncoding = 4; lastKnownFileType = sourcecode.c.objc; path = MYDEnterpriseIntroduceViewController.m; sourceTree = "<group>"; };
		3C5E109D1A6C9272008D1E5E /* MYDMaterialIntroduceViewController.h */ = {isa = PBXFileReference; fileEncoding = 4; lastKnownFileType = sourcecode.c.h; path = MYDMaterialIntroduceViewController.h; sourceTree = "<group>"; };
		3C5E109E1A6C9272008D1E5E /* MYDMaterialIntroduceViewController.m */ = {isa = PBXFileReference; fileEncoding = 4; lastKnownFileType = sourcecode.c.objc; path = MYDMaterialIntroduceViewController.m; sourceTree = "<group>"; };
		3C5E10A21A6C92D7008D1E5E /* MYDPartyIntroduceViewController.h */ = {isa = PBXFileReference; fileEncoding = 4; lastKnownFileType = sourcecode.c.h; path = MYDPartyIntroduceViewController.h; sourceTree = "<group>"; };
		3C5E10A31A6C92D7008D1E5E /* MYDPartyIntroduceViewController.m */ = {isa = PBXFileReference; fileEncoding = 4; lastKnownFileType = sourcecode.c.objc; path = MYDPartyIntroduceViewController.m; sourceTree = "<group>"; };
		3C5E10A71A6C930A008D1E5E /* MYDPriceIntroduceViewController.h */ = {isa = PBXFileReference; fileEncoding = 4; lastKnownFileType = sourcecode.c.h; path = MYDPriceIntroduceViewController.h; sourceTree = "<group>"; };
		3C5E10A81A6C930A008D1E5E /* MYDPriceIntroduceViewController.m */ = {isa = PBXFileReference; fileEncoding = 4; lastKnownFileType = sourcecode.c.objc; path = MYDPriceIntroduceViewController.m; sourceTree = "<group>"; };
		3C5E10AC1A6C9338008D1E5E /* MYDProjectIntroduceViewController.h */ = {isa = PBXFileReference; fileEncoding = 4; lastKnownFileType = sourcecode.c.h; path = MYDProjectIntroduceViewController.h; sourceTree = "<group>"; };
		3C5E10AD1A6C9338008D1E5E /* MYDProjectIntroduceViewController.m */ = {isa = PBXFileReference; fileEncoding = 4; lastKnownFileType = sourcecode.c.objc; path = MYDProjectIntroduceViewController.m; sourceTree = "<group>"; };
		3C5E10B11A6C935D008D1E5E /* MYDWritingIntroduceViewController.h */ = {isa = PBXFileReference; fileEncoding = 4; lastKnownFileType = sourcecode.c.h; path = MYDWritingIntroduceViewController.h; sourceTree = "<group>"; };
		3C5E10B21A6C935D008D1E5E /* MYDWritingIntroduceViewController.m */ = {isa = PBXFileReference; fileEncoding = 4; lastKnownFileType = sourcecode.c.objc; path = MYDWritingIntroduceViewController.m; sourceTree = "<group>"; };
		3C602FEE1A85E3A700958A01 /* MYDCell1.h */ = {isa = PBXFileReference; fileEncoding = 4; lastKnownFileType = sourcecode.c.h; path = MYDCell1.h; sourceTree = "<group>"; };
		3C602FEF1A85E3A700958A01 /* MYDCell1.m */ = {isa = PBXFileReference; fileEncoding = 4; lastKnownFileType = sourcecode.c.objc; path = MYDCell1.m; sourceTree = "<group>"; };
		3C602FF11A85F09300958A01 /* MYDUIConstant.h */ = {isa = PBXFileReference; lastKnownFileType = sourcecode.c.h; path = MYDUIConstant.h; sourceTree = "<group>"; };
		3C602FF21A85F7D900958A01 /* home_bg@2x.png */ = {isa = PBXFileReference; lastKnownFileType = image.png; path = "home_bg@2x.png"; sourceTree = "<group>"; };
		3C602FF41A85F91400958A01 /* all_icon@2x.png */ = {isa = PBXFileReference; lastKnownFileType = image.png; path = "all_icon@2x.png"; sourceTree = "<group>"; };
		3C602FF61A85FA0900958A01 /* all_icon_1@2x.png */ = {isa = PBXFileReference; lastKnownFileType = image.png; path = "all_icon_1@2x.png"; sourceTree = "<group>"; };
		3C602FF81A85FB6400958A01 /* all_icon_3@2x.png */ = {isa = PBXFileReference; lastKnownFileType = image.png; path = "all_icon_3@2x.png"; sourceTree = "<group>"; };
		3C726BEB1A763588000E577A /* MYDProgressManager.h */ = {isa = PBXFileReference; fileEncoding = 4; lastKnownFileType = sourcecode.c.h; path = MYDProgressManager.h; sourceTree = "<group>"; };
		3C726BEC1A763588000E577A /* MYDProgressManager.m */ = {isa = PBXFileReference; fileEncoding = 4; lastKnownFileType = sourcecode.c.objc; path = MYDProgressManager.m; sourceTree = "<group>"; };
		3C7E45931A877AC60063CD0E /* iCarousel.h */ = {isa = PBXFileReference; fileEncoding = 4; lastKnownFileType = sourcecode.c.h; path = iCarousel.h; sourceTree = "<group>"; };
		3C7E45941A877AC60063CD0E /* iCarousel.m */ = {isa = PBXFileReference; fileEncoding = 4; lastKnownFileType = sourcecode.c.objc; path = iCarousel.m; sourceTree = "<group>"; };
		3C7E45961A877E3D0063CD0E /* MYDPictureScrollViewController.xib */ = {isa = PBXFileReference; fileEncoding = 4; lastKnownFileType = file.xib; path = MYDPictureScrollViewController.xib; sourceTree = "<group>"; };
		3C7E45991A8790810063CD0E /* MBProgressHUD.h */ = {isa = PBXFileReference; fileEncoding = 4; lastKnownFileType = sourcecode.c.h; path = MBProgressHUD.h; sourceTree = "<group>"; };
		3C7E459A1A8790810063CD0E /* MBProgressHUD.m */ = {isa = PBXFileReference; fileEncoding = 4; lastKnownFileType = sourcecode.c.objc; path = MBProgressHUD.m; sourceTree = "<group>"; };
		3C921CEB1A865DDD007EC0F1 /* 02_icon@2x.png */ = {isa = PBXFileReference; lastKnownFileType = image.png; path = "02_icon@2x.png"; sourceTree = "<group>"; };
		3C921CEC1A865DDD007EC0F1 /* 03_icon@2x.png */ = {isa = PBXFileReference; lastKnownFileType = image.png; path = "03_icon@2x.png"; sourceTree = "<group>"; };
		3C921CED1A865DDD007EC0F1 /* 04_icon@2x.png */ = {isa = PBXFileReference; lastKnownFileType = image.png; path = "04_icon@2x.png"; sourceTree = "<group>"; };
		3C921CEE1A865DDD007EC0F1 /* 05_icon@2x.png */ = {isa = PBXFileReference; lastKnownFileType = image.png; path = "05_icon@2x.png"; sourceTree = "<group>"; };
		3C921CEF1A865DDD007EC0F1 /* 06_icon@2x.png */ = {isa = PBXFileReference; lastKnownFileType = image.png; path = "06_icon@2x.png"; sourceTree = "<group>"; };
		3C921CF01A865DDD007EC0F1 /* 07_icon@2x.png */ = {isa = PBXFileReference; lastKnownFileType = image.png; path = "07_icon@2x.png"; sourceTree = "<group>"; };
		3C921CF11A865DDD007EC0F1 /* 01_icon@2x.png */ = {isa = PBXFileReference; lastKnownFileType = image.png; path = "01_icon@2x.png"; sourceTree = "<group>"; };
		3C97A9431A7CB24B00EE191B /* MYDImageScrollViewController.h */ = {isa = PBXFileReference; fileEncoding = 4; lastKnownFileType = sourcecode.c.h; path = MYDImageScrollViewController.h; sourceTree = "<group>"; };
		3C97A9441A7CB24B00EE191B /* MYDImageScrollViewController.m */ = {isa = PBXFileReference; fileEncoding = 4; lastKnownFileType = sourcecode.c.objc; path = MYDImageScrollViewController.m; sourceTree = "<group>"; };
		3C97A9451A7CB24B00EE191B /* MYDImageScrollViewController.xib */ = {isa = PBXFileReference; fileEncoding = 4; lastKnownFileType = file.xib; path = MYDImageScrollViewController.xib; sourceTree = "<group>"; };
		3CA5E5321A714DD600A7CFF6 /* MYDBaseSubViewController.h */ = {isa = PBXFileReference; fileEncoding = 4; lastKnownFileType = sourcecode.c.h; path = MYDBaseSubViewController.h; sourceTree = "<group>"; };
		3CA5E5331A714DD600A7CFF6 /* MYDBaseSubViewController.m */ = {isa = PBXFileReference; fileEncoding = 4; lastKnownFileType = sourcecode.c.objc; path = MYDBaseSubViewController.m; sourceTree = "<group>"; };
		3CB01ECC1A821F4F001D1878 /* MYDConstants.h */ = {isa = PBXFileReference; lastKnownFileType = sourcecode.c.h; path = MYDConstants.h; sourceTree = "<group>"; };
		3CC101881A7BD42E00A34B05 /* header.png */ = {isa = PBXFileReference; lastKnownFileType = image.png; path = header.png; sourceTree = "<group>"; };
		3CC1018A1A7BD4EB00A34B05 /* headerBig.png */ = {isa = PBXFileReference; lastKnownFileType = image.png; path = headerBig.png; sourceTree = "<group>"; };
		3CC1018C1A7BD8E200A34B05 /* 产品介绍.png */ = {isa = PBXFileReference; lastKnownFileType = image.png; path = "产品介绍.png"; sourceTree = "<group>"; };
		3CC1018D1A7BD8E200A34B05 /* 活动方案.png */ = {isa = PBXFileReference; lastKnownFileType = image.png; path = "活动方案.png"; sourceTree = "<group>"; };
		3CC1018E1A7BD8E200A34B05 /* 价格表.png */ = {isa = PBXFileReference; lastKnownFileType = image.png; path = "价格表.png"; sourceTree = "<group>"; };
		3CC1018F1A7BD8E200A34B05 /* 首页.PNG */ = {isa = PBXFileReference; lastKnownFileType = image.png; path = "首页.PNG"; sourceTree = "<group>"; };
		3CC101901A7BD8E200A34B05 /* 项目介绍.png */ = {isa = PBXFileReference; lastKnownFileType = image.png; path = "项目介绍.png"; sourceTree = "<group>"; };
		3CC101911A7BD8E200A34B05 /* 作品展示.png */ = {isa = PBXFileReference; lastKnownFileType = image.png; path = "作品展示.png"; sourceTree = "<group>"; };
		3CC101981A7BE2E200A34B05 /* query.png */ = {isa = PBXFileReference; lastKnownFileType = image.png; path = query.png; sourceTree = "<group>"; };
		3CC67C951A7781370043DE4C /* MYDScrollView.h */ = {isa = PBXFileReference; fileEncoding = 4; lastKnownFileType = sourcecode.c.h; path = MYDScrollView.h; sourceTree = "<group>"; };
		3CC67C961A7781370043DE4C /* MYDScrollView.m */ = {isa = PBXFileReference; fileEncoding = 4; lastKnownFileType = sourcecode.c.objc; path = MYDScrollView.m; sourceTree = "<group>"; };
		3CC8B2311A8B9C9D00C0D277 /* MYDCollectionViewCell2.h */ = {isa = PBXFileReference; fileEncoding = 4; lastKnownFileType = sourcecode.c.h; path = MYDCollectionViewCell2.h; sourceTree = "<group>"; };
		3CC8B2321A8B9C9D00C0D277 /* MYDCollectionViewCell2.m */ = {isa = PBXFileReference; fileEncoding = 4; lastKnownFileType = sourcecode.c.objc; path = MYDCollectionViewCell2.m; sourceTree = "<group>"; };
		3CC8B2331A8B9C9D00C0D277 /* MYDCollectionViewCell2.xib */ = {isa = PBXFileReference; fileEncoding = 4; lastKnownFileType = file.xib; path = MYDCollectionViewCell2.xib; sourceTree = "<group>"; };
		3CC9122B1A8AF4A100359579 /* MYDCollectionViewCell.h */ = {isa = PBXFileReference; fileEncoding = 4; lastKnownFileType = sourcecode.c.h; path = MYDCollectionViewCell.h; sourceTree = "<group>"; };
		3CC9122C1A8AF4A100359579 /* MYDCollectionViewCell.m */ = {isa = PBXFileReference; fileEncoding = 4; lastKnownFileType = sourcecode.c.objc; path = MYDCollectionViewCell.m; sourceTree = "<group>"; };
		3CC9122D1A8AF4A100359579 /* MYDCollectionViewCell.xib */ = {isa = PBXFileReference; fileEncoding = 4; lastKnownFileType = file.xib; path = MYDCollectionViewCell.xib; sourceTree = "<group>"; };
		3CCB9DCB1A68A39300031372 /* MYDLoginViewController.h */ = {isa = PBXFileReference; fileEncoding = 4; lastKnownFileType = sourcecode.c.h; path = MYDLoginViewController.h; sourceTree = "<group>"; };
		3CCB9DCC1A68A39300031372 /* MYDLoginViewController.m */ = {isa = PBXFileReference; fileEncoding = 4; lastKnownFileType = sourcecode.c.objc; path = MYDLoginViewController.m; sourceTree = "<group>"; };
		3CCB9DCD1A68A39300031372 /* MYDLoginViewController.xib */ = {isa = PBXFileReference; fileEncoding = 4; lastKnownFileType = file.xib; path = MYDLoginViewController.xib; sourceTree = "<group>"; };
		3CCB9DD01A6907E000031372 /* MYDHomeViewController.h */ = {isa = PBXFileReference; fileEncoding = 4; lastKnownFileType = sourcecode.c.h; path = MYDHomeViewController.h; sourceTree = "<group>"; };
		3CCB9DD11A6907E000031372 /* MYDHomeViewController.m */ = {isa = PBXFileReference; fileEncoding = 4; lastKnownFileType = sourcecode.c.objc; path = MYDHomeViewController.m; sourceTree = "<group>"; };
		3CCB9DD21A6907E000031372 /* MYDHomeViewController.xib */ = {isa = PBXFileReference; fileEncoding = 4; lastKnownFileType = file.xib; path = MYDHomeViewController.xib; sourceTree = "<group>"; };
		3CCC29181A6D44780087F280 /* MKAnnotationView+WebCache.h */ = {isa = PBXFileReference; fileEncoding = 4; lastKnownFileType = sourcecode.c.h; path = "MKAnnotationView+WebCache.h"; sourceTree = "<group>"; };
		3CCC29191A6D44780087F280 /* MKAnnotationView+WebCache.m */ = {isa = PBXFileReference; fileEncoding = 4; lastKnownFileType = sourcecode.c.objc; path = "MKAnnotationView+WebCache.m"; sourceTree = "<group>"; };
		3CCC291A1A6D44780087F280 /* NSData+ImageContentType.h */ = {isa = PBXFileReference; fileEncoding = 4; lastKnownFileType = sourcecode.c.h; path = "NSData+ImageContentType.h"; sourceTree = "<group>"; };
		3CCC291B1A6D44780087F280 /* NSData+ImageContentType.m */ = {isa = PBXFileReference; fileEncoding = 4; lastKnownFileType = sourcecode.c.objc; path = "NSData+ImageContentType.m"; sourceTree = "<group>"; };
		3CCC291C1A6D44780087F280 /* SDImageCache.h */ = {isa = PBXFileReference; fileEncoding = 4; lastKnownFileType = sourcecode.c.h; path = SDImageCache.h; sourceTree = "<group>"; };
		3CCC291D1A6D44780087F280 /* SDImageCache.m */ = {isa = PBXFileReference; fileEncoding = 4; lastKnownFileType = sourcecode.c.objc; path = SDImageCache.m; sourceTree = "<group>"; };
		3CCC291E1A6D44780087F280 /* SDWebImageCompat.h */ = {isa = PBXFileReference; fileEncoding = 4; lastKnownFileType = sourcecode.c.h; path = SDWebImageCompat.h; sourceTree = "<group>"; };
		3CCC291F1A6D44780087F280 /* SDWebImageCompat.m */ = {isa = PBXFileReference; fileEncoding = 4; lastKnownFileType = sourcecode.c.objc; path = SDWebImageCompat.m; sourceTree = "<group>"; };
		3CCC29201A6D44780087F280 /* SDWebImageDecoder.h */ = {isa = PBXFileReference; fileEncoding = 4; lastKnownFileType = sourcecode.c.h; path = SDWebImageDecoder.h; sourceTree = "<group>"; };
		3CCC29211A6D44780087F280 /* SDWebImageDecoder.m */ = {isa = PBXFileReference; fileEncoding = 4; lastKnownFileType = sourcecode.c.objc; path = SDWebImageDecoder.m; sourceTree = "<group>"; };
		3CCC29221A6D44780087F280 /* SDWebImageDownloader.h */ = {isa = PBXFileReference; fileEncoding = 4; lastKnownFileType = sourcecode.c.h; path = SDWebImageDownloader.h; sourceTree = "<group>"; };
		3CCC29231A6D44780087F280 /* SDWebImageDownloader.m */ = {isa = PBXFileReference; fileEncoding = 4; lastKnownFileType = sourcecode.c.objc; path = SDWebImageDownloader.m; sourceTree = "<group>"; };
		3CCC29241A6D44780087F280 /* SDWebImageDownloaderOperation.h */ = {isa = PBXFileReference; fileEncoding = 4; lastKnownFileType = sourcecode.c.h; path = SDWebImageDownloaderOperation.h; sourceTree = "<group>"; };
		3CCC29251A6D44780087F280 /* SDWebImageDownloaderOperation.m */ = {isa = PBXFileReference; fileEncoding = 4; lastKnownFileType = sourcecode.c.objc; path = SDWebImageDownloaderOperation.m; sourceTree = "<group>"; };
		3CCC29261A6D44780087F280 /* SDWebImageManager.h */ = {isa = PBXFileReference; fileEncoding = 4; lastKnownFileType = sourcecode.c.h; path = SDWebImageManager.h; sourceTree = "<group>"; };
		3CCC29271A6D44780087F280 /* SDWebImageManager.m */ = {isa = PBXFileReference; fileEncoding = 4; lastKnownFileType = sourcecode.c.objc; path = SDWebImageManager.m; sourceTree = "<group>"; };
		3CCC29281A6D44780087F280 /* SDWebImageOperation.h */ = {isa = PBXFileReference; fileEncoding = 4; lastKnownFileType = sourcecode.c.h; path = SDWebImageOperation.h; sourceTree = "<group>"; };
		3CCC29291A6D44780087F280 /* SDWebImagePrefetcher.h */ = {isa = PBXFileReference; fileEncoding = 4; lastKnownFileType = sourcecode.c.h; path = SDWebImagePrefetcher.h; sourceTree = "<group>"; };
		3CCC292A1A6D44780087F280 /* SDWebImagePrefetcher.m */ = {isa = PBXFileReference; fileEncoding = 4; lastKnownFileType = sourcecode.c.objc; path = SDWebImagePrefetcher.m; sourceTree = "<group>"; };
		3CCC292B1A6D44780087F280 /* UIButton+WebCache.h */ = {isa = PBXFileReference; fileEncoding = 4; lastKnownFileType = sourcecode.c.h; path = "UIButton+WebCache.h"; sourceTree = "<group>"; };
		3CCC292C1A6D44780087F280 /* UIButton+WebCache.m */ = {isa = PBXFileReference; fileEncoding = 4; lastKnownFileType = sourcecode.c.objc; path = "UIButton+WebCache.m"; sourceTree = "<group>"; };
		3CCC292D1A6D44780087F280 /* UIImage+GIF.h */ = {isa = PBXFileReference; fileEncoding = 4; lastKnownFileType = sourcecode.c.h; path = "UIImage+GIF.h"; sourceTree = "<group>"; };
		3CCC292E1A6D44780087F280 /* UIImage+GIF.m */ = {isa = PBXFileReference; fileEncoding = 4; lastKnownFileType = sourcecode.c.objc; path = "UIImage+GIF.m"; sourceTree = "<group>"; };
		3CCC292F1A6D44780087F280 /* UIImage+MultiFormat.h */ = {isa = PBXFileReference; fileEncoding = 4; lastKnownFileType = sourcecode.c.h; path = "UIImage+MultiFormat.h"; sourceTree = "<group>"; };
		3CCC29301A6D44780087F280 /* UIImage+MultiFormat.m */ = {isa = PBXFileReference; fileEncoding = 4; lastKnownFileType = sourcecode.c.objc; path = "UIImage+MultiFormat.m"; sourceTree = "<group>"; };
		3CCC29311A6D44780087F280 /* UIImage+WebP.h */ = {isa = PBXFileReference; fileEncoding = 4; lastKnownFileType = sourcecode.c.h; path = "UIImage+WebP.h"; sourceTree = "<group>"; };
		3CCC29321A6D44780087F280 /* UIImage+WebP.m */ = {isa = PBXFileReference; fileEncoding = 4; lastKnownFileType = sourcecode.c.objc; path = "UIImage+WebP.m"; sourceTree = "<group>"; };
		3CCC29331A6D44780087F280 /* UIImageView+HighlightedWebCache.h */ = {isa = PBXFileReference; fileEncoding = 4; lastKnownFileType = sourcecode.c.h; path = "UIImageView+HighlightedWebCache.h"; sourceTree = "<group>"; };
		3CCC29341A6D44780087F280 /* UIImageView+HighlightedWebCache.m */ = {isa = PBXFileReference; fileEncoding = 4; lastKnownFileType = sourcecode.c.objc; path = "UIImageView+HighlightedWebCache.m"; sourceTree = "<group>"; };
		3CCC29351A6D44780087F280 /* UIImageView+WebCache.h */ = {isa = PBXFileReference; fileEncoding = 4; lastKnownFileType = sourcecode.c.h; path = "UIImageView+WebCache.h"; sourceTree = "<group>"; };
		3CCC29361A6D44780087F280 /* UIImageView+WebCache.m */ = {isa = PBXFileReference; fileEncoding = 4; lastKnownFileType = sourcecode.c.objc; path = "UIImageView+WebCache.m"; sourceTree = "<group>"; };
		3CCC29371A6D44780087F280 /* UIView+WebCacheOperation.h */ = {isa = PBXFileReference; fileEncoding = 4; lastKnownFileType = sourcecode.c.h; path = "UIView+WebCacheOperation.h"; sourceTree = "<group>"; };
		3CCC29381A6D44780087F280 /* UIView+WebCacheOperation.m */ = {isa = PBXFileReference; fileEncoding = 4; lastKnownFileType = sourcecode.c.objc; path = "UIView+WebCacheOperation.m"; sourceTree = "<group>"; };
		3CCEAC311A5CDCD300BF16F0 /* RECommonFunctions.h */ = {isa = PBXFileReference; fileEncoding = 4; lastKnownFileType = sourcecode.c.h; path = RECommonFunctions.h; sourceTree = "<group>"; };
		3CCEAC321A5CDCD300BF16F0 /* RECommonFunctions.m */ = {isa = PBXFileReference; fileEncoding = 4; lastKnownFileType = sourcecode.c.objc; path = RECommonFunctions.m; sourceTree = "<group>"; };
		3CCEAC331A5CDCD300BF16F0 /* RESideMenu.h */ = {isa = PBXFileReference; fileEncoding = 4; lastKnownFileType = sourcecode.c.h; path = RESideMenu.h; sourceTree = "<group>"; };
		3CCEAC341A5CDCD300BF16F0 /* RESideMenu.m */ = {isa = PBXFileReference; fileEncoding = 4; lastKnownFileType = sourcecode.c.objc; path = RESideMenu.m; sourceTree = "<group>"; };
		3CCEAC351A5CDCD300BF16F0 /* UIViewController+RESideMenu.h */ = {isa = PBXFileReference; fileEncoding = 4; lastKnownFileType = sourcecode.c.h; path = "UIViewController+RESideMenu.h"; sourceTree = "<group>"; };
		3CCEAC361A5CDCD300BF16F0 /* UIViewController+RESideMenu.m */ = {isa = PBXFileReference; fileEncoding = 4; lastKnownFileType = sourcecode.c.objc; path = "UIViewController+RESideMenu.m"; sourceTree = "<group>"; };
		3CCEAC3C1A5CDDE100BF16F0 /* MYDBaseNavigationController.h */ = {isa = PBXFileReference; fileEncoding = 4; lastKnownFileType = sourcecode.c.h; path = MYDBaseNavigationController.h; sourceTree = "<group>"; };
		3CCEAC3D1A5CDDE100BF16F0 /* MYDBaseNavigationController.m */ = {isa = PBXFileReference; fileEncoding = 4; lastKnownFileType = sourcecode.c.objc; path = MYDBaseNavigationController.m; sourceTree = "<group>"; };
		3CCEAC481A5CDEDB00BF16F0 /* MYDBaseViewController.h */ = {isa = PBXFileReference; fileEncoding = 4; lastKnownFileType = sourcecode.c.h; path = MYDBaseViewController.h; sourceTree = "<group>"; };
		3CCEAC491A5CDEDB00BF16F0 /* MYDBaseViewController.m */ = {isa = PBXFileReference; fileEncoding = 4; lastKnownFileType = sourcecode.c.objc; path = MYDBaseViewController.m; sourceTree = "<group>"; };
		3CCEAC511A5CE12000BF16F0 /* MeiYiDian-Prefix.pch */ = {isa = PBXFileReference; lastKnownFileType = sourcecode.c.h; path = "MeiYiDian-Prefix.pch"; sourceTree = "<group>"; };
		3CCEAC581A5CEB4700BF16F0 /* MYDMainViewController.h */ = {isa = PBXFileReference; fileEncoding = 4; lastKnownFileType = sourcecode.c.h; path = MYDMainViewController.h; sourceTree = "<group>"; };
		3CCEAC591A5CEB4700BF16F0 /* MYDMainViewController.m */ = {isa = PBXFileReference; fileEncoding = 4; lastKnownFileType = sourcecode.c.objc; path = MYDMainViewController.m; sourceTree = "<group>"; };
		3CCEAC5A1A5CEB4700BF16F0 /* MYDMainViewController.xib */ = {isa = PBXFileReference; fileEncoding = 4; lastKnownFileType = file.xib; path = MYDMainViewController.xib; sourceTree = "<group>"; };
		3CCEAC5F1A5E0F1800BF16F0 /* DDXMLElementAdditions.h */ = {isa = PBXFileReference; fileEncoding = 4; lastKnownFileType = sourcecode.c.h; path = DDXMLElementAdditions.h; sourceTree = "<group>"; };
		3CCEAC601A5E0F1800BF16F0 /* DDXMLElementAdditions.m */ = {isa = PBXFileReference; fileEncoding = 4; lastKnownFileType = sourcecode.c.objc; path = DDXMLElementAdditions.m; sourceTree = "<group>"; };
		3CCEAC621A5E0F1800BF16F0 /* NSString+DDXML.h */ = {isa = PBXFileReference; fileEncoding = 4; lastKnownFileType = sourcecode.c.h; path = "NSString+DDXML.h"; sourceTree = "<group>"; };
		3CCEAC631A5E0F1800BF16F0 /* NSString+DDXML.m */ = {isa = PBXFileReference; fileEncoding = 4; lastKnownFileType = sourcecode.c.objc; path = "NSString+DDXML.m"; sourceTree = "<group>"; };
		3CCEAC641A5E0F1800BF16F0 /* DDXML.h */ = {isa = PBXFileReference; fileEncoding = 4; lastKnownFileType = sourcecode.c.h; path = DDXML.h; sourceTree = "<group>"; };
		3CCEAC651A5E0F1800BF16F0 /* DDXMLDocument.h */ = {isa = PBXFileReference; fileEncoding = 4; lastKnownFileType = sourcecode.c.h; path = DDXMLDocument.h; sourceTree = "<group>"; };
		3CCEAC661A5E0F1800BF16F0 /* DDXMLDocument.m */ = {isa = PBXFileReference; fileEncoding = 4; lastKnownFileType = sourcecode.c.objc; path = DDXMLDocument.m; sourceTree = "<group>"; };
		3CCEAC671A5E0F1800BF16F0 /* DDXMLElement.h */ = {isa = PBXFileReference; fileEncoding = 4; lastKnownFileType = sourcecode.c.h; path = DDXMLElement.h; sourceTree = "<group>"; };
		3CCEAC681A5E0F1800BF16F0 /* DDXMLElement.m */ = {isa = PBXFileReference; fileEncoding = 4; lastKnownFileType = sourcecode.c.objc; path = DDXMLElement.m; sourceTree = "<group>"; };
		3CCEAC691A5E0F1800BF16F0 /* DDXMLNode.h */ = {isa = PBXFileReference; fileEncoding = 4; lastKnownFileType = sourcecode.c.h; path = DDXMLNode.h; sourceTree = "<group>"; };
		3CCEAC6A1A5E0F1800BF16F0 /* DDXMLNode.m */ = {isa = PBXFileReference; fileEncoding = 4; lastKnownFileType = sourcecode.c.objc; path = DDXMLNode.m; sourceTree = "<group>"; };
		3CCEAC6C1A5E0F1800BF16F0 /* DDXMLPrivate.h */ = {isa = PBXFileReference; fileEncoding = 4; lastKnownFileType = sourcecode.c.h; path = DDXMLPrivate.h; sourceTree = "<group>"; };
		3CCF8F871A5E2B450074ECED /* MYDNetwork.h */ = {isa = PBXFileReference; fileEncoding = 4; lastKnownFileType = sourcecode.c.h; path = MYDNetwork.h; sourceTree = "<group>"; };
		3CCF8F881A5E2B450074ECED /* MYDNetwork.m */ = {isa = PBXFileReference; fileEncoding = 4; lastKnownFileType = sourcecode.c.objc; path = MYDNetwork.m; sourceTree = "<group>"; };
		3CCF8F8B1A5E57730074ECED /* FMDatabase.h */ = {isa = PBXFileReference; fileEncoding = 4; lastKnownFileType = sourcecode.c.h; path = FMDatabase.h; sourceTree = "<group>"; };
		3CCF8F8C1A5E57730074ECED /* FMDatabase.m */ = {isa = PBXFileReference; fileEncoding = 4; lastKnownFileType = sourcecode.c.objc; path = FMDatabase.m; sourceTree = "<group>"; };
		3CCF8F8D1A5E57730074ECED /* FMDatabaseAdditions.h */ = {isa = PBXFileReference; fileEncoding = 4; lastKnownFileType = sourcecode.c.h; path = FMDatabaseAdditions.h; sourceTree = "<group>"; };
		3CCF8F8E1A5E57730074ECED /* FMDatabaseAdditions.m */ = {isa = PBXFileReference; fileEncoding = 4; lastKnownFileType = sourcecode.c.objc; path = FMDatabaseAdditions.m; sourceTree = "<group>"; };
		3CCF8F8F1A5E57730074ECED /* FMDatabasePool.h */ = {isa = PBXFileReference; fileEncoding = 4; lastKnownFileType = sourcecode.c.h; path = FMDatabasePool.h; sourceTree = "<group>"; };
		3CCF8F901A5E57730074ECED /* FMDatabasePool.m */ = {isa = PBXFileReference; fileEncoding = 4; lastKnownFileType = sourcecode.c.objc; path = FMDatabasePool.m; sourceTree = "<group>"; };
		3CCF8F911A5E57730074ECED /* FMDatabaseQueue.h */ = {isa = PBXFileReference; fileEncoding = 4; lastKnownFileType = sourcecode.c.h; path = FMDatabaseQueue.h; sourceTree = "<group>"; };
		3CCF8F921A5E57730074ECED /* FMDatabaseQueue.m */ = {isa = PBXFileReference; fileEncoding = 4; lastKnownFileType = sourcecode.c.objc; path = FMDatabaseQueue.m; sourceTree = "<group>"; };
		3CCF8F931A5E57730074ECED /* FMDB.h */ = {isa = PBXFileReference; fileEncoding = 4; lastKnownFileType = sourcecode.c.h; path = FMDB.h; sourceTree = "<group>"; };
		3CCF8F941A5E57730074ECED /* FMResultSet.h */ = {isa = PBXFileReference; fileEncoding = 4; lastKnownFileType = sourcecode.c.h; path = FMResultSet.h; sourceTree = "<group>"; };
		3CCF8F951A5E57730074ECED /* FMResultSet.m */ = {isa = PBXFileReference; fileEncoding = 4; lastKnownFileType = sourcecode.c.objc; path = FMResultSet.m; sourceTree = "<group>"; };
		3CCF8F9B1A5E62B20074ECED /* MYDBaseSplitViewController.h */ = {isa = PBXFileReference; fileEncoding = 4; lastKnownFileType = sourcecode.c.h; path = MYDBaseSplitViewController.h; sourceTree = "<group>"; };
		3CCF8F9C1A5E62B20074ECED /* MYDBaseSplitViewController.m */ = {isa = PBXFileReference; fileEncoding = 4; lastKnownFileType = sourcecode.c.objc; path = MYDBaseSplitViewController.m; sourceTree = "<group>"; };
		3CCF8FA81A5E65FD0074ECED /* libsqlite3.dylib */ = {isa = PBXFileReference; lastKnownFileType = "compiled.mach-o.dylib"; name = libsqlite3.dylib; path = usr/lib/libsqlite3.dylib; sourceTree = SDKROOT; };
		3CCF8FAB1A5F60D60074ECED /* MYDPackageManager.h */ = {isa = PBXFileReference; fileEncoding = 4; lastKnownFileType = sourcecode.c.h; path = MYDPackageManager.h; sourceTree = "<group>"; };
		3CCF8FAC1A5F60D60074ECED /* MYDPackageManager.m */ = {isa = PBXFileReference; fileEncoding = 4; lastKnownFileType = sourcecode.c.objc; path = MYDPackageManager.m; sourceTree = "<group>"; };
		3CCF8FAE1A5F611B0074ECED /* MYDDBManager.h */ = {isa = PBXFileReference; fileEncoding = 4; lastKnownFileType = sourcecode.c.h; path = MYDDBManager.h; sourceTree = "<group>"; };
		3CCF8FAF1A5F611B0074ECED /* MYDDBManager.m */ = {isa = PBXFileReference; fileEncoding = 4; lastKnownFileType = sourcecode.c.objc; path = MYDDBManager.m; sourceTree = "<group>"; };
		3CE5A6271A89AD5700702B29 /* LOGO_144X144.png */ = {isa = PBXFileReference; lastKnownFileType = image.png; path = LOGO_144X144.png; sourceTree = "<group>"; };
		3CE5A6281A89AD5700702B29 /* LOGO_152X152.png */ = {isa = PBXFileReference; lastKnownFileType = image.png; path = LOGO_152X152.png; sourceTree = "<group>"; };
		3CE5A6291A89AD5700702B29 /* LOGO_72X72.png */ = {isa = PBXFileReference; lastKnownFileType = image.png; path = LOGO_72X72.png; sourceTree = "<group>"; };
		3CE5A62A1A89AD5700702B29 /* LOGO_76X76.png */ = {isa = PBXFileReference; lastKnownFileType = image.png; path = LOGO_76X76.png; sourceTree = "<group>"; };
		3CE5A62F1A89D41300702B29 /* btn_noSelected@2x.png */ = {isa = PBXFileReference; lastKnownFileType = image.png; path = "btn_noSelected@2x.png"; sourceTree = "<group>"; };
		3CE5A6301A89D41300702B29 /* btn_selected@2x.png */ = {isa = PBXFileReference; lastKnownFileType = image.png; path = "btn_selected@2x.png"; sourceTree = "<group>"; };
/* End PBXFileReference section */

/* Begin PBXFrameworksBuildPhase section */
		3C239E261A5BBF30008419A4 /* Frameworks */ = {
			isa = PBXFrameworksBuildPhase;
			buildActionMask = 2147483647;
			files = (
				3CCF8FA91A5E65FD0074ECED /* libsqlite3.dylib in Frameworks */,
				3C58443C1A5CC643004310D1 /* libz.dylib in Frameworks */,
				3C58443A1A5CC638004310D1 /* CoreGraphics.framework in Frameworks */,
				3C5844381A5CC631004310D1 /* MobileCoreServices.framework in Frameworks */,
				3C5844361A5CC625004310D1 /* SystemConfiguration.framework in Frameworks */,
				3C5844341A5CC613004310D1 /* CFNetwork.framework in Frameworks */,
			);
			runOnlyForDeploymentPostprocessing = 0;
		};
		3C239E3F1A5BBF30008419A4 /* Frameworks */ = {
			isa = PBXFrameworksBuildPhase;
			buildActionMask = 2147483647;
			files = (
			);
			runOnlyForDeploymentPostprocessing = 0;
		};
/* End PBXFrameworksBuildPhase section */

/* Begin PBXGroup section */
		3C2047E81A73A7AB0079B6C3 /* ItemDetail */ = {
			isa = PBXGroup;
			children = (
				3C2047EF1A73AA9B0079B6C3 /* MYDItemDetailView.xib */,
				3C2047F11A73AC620079B6C3 /* MYDItemDetailView.h */,
				3C2047F21A73AC620079B6C3 /* MYDItemDetailView.m */,
			);
			path = ItemDetail;
			sourceTree = "<group>";
		};
		3C239E201A5BBF30008419A4 = {
			isa = PBXGroup;
			children = (
				3C58443D1A5CC835004310D1 /* Frameworks */,
				3C239E2B1A5BBF30008419A4 /* MeiYiDian */,
				3C239E451A5BBF30008419A4 /* MeiYiDianTests */,
				3C239E2A1A5BBF30008419A4 /* Products */,
			);
			sourceTree = "<group>";
		};
		3C239E2A1A5BBF30008419A4 /* Products */ = {
			isa = PBXGroup;
			children = (
				3C239E291A5BBF30008419A4 /* MeiYiDian.app */,
				3C239E421A5BBF30008419A4 /* MeiYiDianTests.xctest */,
			);
			name = Products;
			sourceTree = "<group>";
		};
		3C239E2B1A5BBF30008419A4 /* MeiYiDian */ = {
			isa = PBXGroup;
			children = (
				3C239E521A5BC522008419A4 /* CustomViews */,
				3C239E531A5BC522008419A4 /* DataModel */,
				3CCF8FAA1A5F60D60074ECED /* DataOperation */,
				3C239E541A5BC522008419A4 /* NetWork */,
				3C239E551A5BC522008419A4 /* ThirdPartFramework */,
				3C239E561A5BC522008419A4 /* Tools */,
				3CCEAC3A1A5CDD9500BF16F0 /* ViewControllers */,
				3C239E301A5BBF30008419A4 /* AppDelegate.h */,
				3C239E311A5BBF30008419A4 /* AppDelegate.m */,
				3CB01ECC1A821F4F001D1878 /* MYDConstants.h */,
				3C602FF11A85F09300958A01 /* MYDUIConstant.h */,
				3C239E391A5BBF30008419A4 /* Images.xcassets */,
				3C239E3B1A5BBF30008419A4 /* LaunchScreen.xib */,
				3C239E2C1A5BBF30008419A4 /* Supporting Files */,
			);
			path = MeiYiDian;
			sourceTree = "<group>";
		};
		3C239E2C1A5BBF30008419A4 /* Supporting Files */ = {
			isa = PBXGroup;
			children = (
				3CC101851A7BD35D00A34B05 /* ImageSource */,
				3C239E2D1A5BBF30008419A4 /* Info.plist */,
				3C239E2E1A5BBF30008419A4 /* main.m */,
				3CCEAC511A5CE12000BF16F0 /* MeiYiDian-Prefix.pch */,
			);
			name = "Supporting Files";
			sourceTree = "<group>";
		};
		3C239E451A5BBF30008419A4 /* MeiYiDianTests */ = {
			isa = PBXGroup;
			children = (
				3C239E481A5BBF30008419A4 /* MeiYiDianTests.m */,
				3C239E461A5BBF30008419A4 /* Supporting Files */,
			);
			path = MeiYiDianTests;
			sourceTree = "<group>";
		};
		3C239E461A5BBF30008419A4 /* Supporting Files */ = {
			isa = PBXGroup;
			children = (
				3C239E471A5BBF30008419A4 /* Info.plist */,
			);
			name = "Supporting Files";
			sourceTree = "<group>";
		};
		3C239E521A5BC522008419A4 /* CustomViews */ = {
			isa = PBXGroup;
			children = (
				3C726BEB1A763588000E577A /* MYDProgressManager.h */,
				3C726BEC1A763588000E577A /* MYDProgressManager.m */,
				3CC67C951A7781370043DE4C /* MYDScrollView.h */,
				3CC67C961A7781370043DE4C /* MYDScrollView.m */,
				3C97A9431A7CB24B00EE191B /* MYDImageScrollViewController.h */,
				3C97A9441A7CB24B00EE191B /* MYDImageScrollViewController.m */,
				3C97A9451A7CB24B00EE191B /* MYDImageScrollViewController.xib */,
				207C0C981AAD298100A8DA64 /* MYDTitleSwitchView.h */,
				207C0C991AAD298100A8DA64 /* MYDTitleSwitchView.m */,
			);
			path = CustomViews;
			sourceTree = "<group>";
		};
		3C239E531A5BC522008419A4 /* DataModel */ = {
			isa = PBXGroup;
			children = (
			);
			path = DataModel;
			sourceTree = "<group>";
		};
		3C239E541A5BC522008419A4 /* NetWork */ = {
			isa = PBXGroup;
			children = (
				3C239EDE1A5BCB0E008419A4 /* MYDConfig.h */,
				3C239ED81A5BC7E1008419A4 /* MYDMediator.h */,
				3C239ED91A5BC7E1008419A4 /* MYDMediator.m */,
				3CCF8F871A5E2B450074ECED /* MYDNetwork.h */,
				3CCF8F881A5E2B450074ECED /* MYDNetwork.m */,
			);
			path = NetWork;
			sourceTree = "<group>";
		};
		3C239E551A5BC522008419A4 /* ThirdPartFramework */ = {
			isa = PBXGroup;
			children = (
				3C7E45981A8790810063CD0E /* MBProgressHUD */,
				3C7E45921A877AC60063CD0E /* iCarousel */,
				3CCC29171A6D44780087F280 /* SDWebImage */,
				3CCF8F8A1A5E57730074ECED /* fmdb */,
				3CCEAC5D1A5E0F1800BF16F0 /* KissXML */,
				3CCEAC301A5CDCD300BF16F0 /* RESideMenu */,
				3C239E571A5BC612008419A4 /* ASIHTTPRequest */,
			);
			path = ThirdPartFramework;
			sourceTree = "<group>";
		};
		3C239E561A5BC522008419A4 /* Tools */ = {
			isa = PBXGroup;
			children = (
			);
			path = Tools;
			sourceTree = "<group>";
		};
		3C239E571A5BC612008419A4 /* ASIHTTPRequest */ = {
			isa = PBXGroup;
			children = (
				3C239E581A5BC612008419A4 /* Classes */,
				3C239EAB1A5BC612008419A4 /* External */,
			);
			path = ASIHTTPRequest;
			sourceTree = "<group>";
		};
		3C239E581A5BC612008419A4 /* Classes */ = {
			isa = PBXGroup;
			children = (
				3C239E591A5BC612008419A4 /* ASIAuthenticationDialog.h */,
				3C239E5A1A5BC612008419A4 /* ASIAuthenticationDialog.m */,
				3C239E5B1A5BC612008419A4 /* ASICacheDelegate.h */,
				3C239E5C1A5BC612008419A4 /* ASIDataCompressor.h */,
				3C239E5D1A5BC612008419A4 /* ASIDataCompressor.m */,
				3C239E5E1A5BC612008419A4 /* ASIDataDecompressor.h */,
				3C239E5F1A5BC612008419A4 /* ASIDataDecompressor.m */,
				3C239E601A5BC612008419A4 /* ASIDownloadCache.h */,
				3C239E611A5BC612008419A4 /* ASIDownloadCache.m */,
				3C239E621A5BC612008419A4 /* ASIFormDataRequest.h */,
				3C239E631A5BC612008419A4 /* ASIFormDataRequest.m */,
				3C239E641A5BC612008419A4 /* ASIHTTPRequest.h */,
				3C239E651A5BC612008419A4 /* ASIHTTPRequest.m */,
				3C239E661A5BC612008419A4 /* ASIHTTPRequestConfig.h */,
				3C239E671A5BC612008419A4 /* ASIHTTPRequestDelegate.h */,
				3C239E681A5BC612008419A4 /* ASIInputStream.h */,
				3C239E691A5BC612008419A4 /* ASIInputStream.m */,
				3C239E6A1A5BC612008419A4 /* ASINetworkQueue.h */,
				3C239E6B1A5BC612008419A4 /* ASINetworkQueue.m */,
				3C239E6C1A5BC612008419A4 /* ASIProgressDelegate.h */,
			);
			path = Classes;
			sourceTree = "<group>";
		};
		3C239EAB1A5BC612008419A4 /* External */ = {
			isa = PBXGroup;
			children = (
				3C239EAE1A5BC612008419A4 /* Reachability */,
			);
			path = External;
			sourceTree = "<group>";
		};
		3C239EAE1A5BC612008419A4 /* Reachability */ = {
			isa = PBXGroup;
			children = (
				3C239EAF1A5BC612008419A4 /* Reachability.h */,
				3C239EB01A5BC612008419A4 /* Reachability.m */,
			);
			path = Reachability;
			sourceTree = "<group>";
		};
		3C2A0CDD1A820D7200318799 /* PictureScrollViewController */ = {
			isa = PBXGroup;
			children = (
				3C2A0CDE1A820D8F00318799 /* MYDPictureScrollViewController.h */,
				3C2A0CDF1A820D8F00318799 /* MYDPictureScrollViewController.m */,
				3C7E45961A877E3D0063CD0E /* MYDPictureScrollViewController.xib */,
			);
			path = PictureScrollViewController;
			sourceTree = "<group>";
		};
		3C58443D1A5CC835004310D1 /* Frameworks */ = {
			isa = PBXGroup;
			children = (
				3CCF8FA81A5E65FD0074ECED /* libsqlite3.dylib */,
				3C58443B1A5CC643004310D1 /* libz.dylib */,
				3C5844391A5CC638004310D1 /* CoreGraphics.framework */,
				3C5844371A5CC631004310D1 /* MobileCoreServices.framework */,
				3C5844351A5CC625004310D1 /* SystemConfiguration.framework */,
				3C5844331A5CC613004310D1 /* CFNetwork.framework */,
			);
			name = Frameworks;
			sourceTree = "<group>";
		};
		3C5E108F1A6BFBC4008D1E5E /* CellViews */ = {
			isa = PBXGroup;
			children = (
				3C602FEE1A85E3A700958A01 /* MYDCell1.h */,
				3C602FEF1A85E3A700958A01 /* MYDCell1.m */,
				3CC9122B1A8AF4A100359579 /* MYDCollectionViewCell.h */,
				3CC9122C1A8AF4A100359579 /* MYDCollectionViewCell.m */,
				3CC9122D1A8AF4A100359579 /* MYDCollectionViewCell.xib */,
				3CC8B2311A8B9C9D00C0D277 /* MYDCollectionViewCell2.h */,
				3CC8B2321A8B9C9D00C0D277 /* MYDCollectionViewCell2.m */,
				3CC8B2331A8B9C9D00C0D277 /* MYDCollectionViewCell2.xib */,
			);
			path = CellViews;
			sourceTree = "<group>";
		};
		3C5E10921A6C8716008D1E5E /* EnterpriseIntroduce */ = {
			isa = PBXGroup;
			children = (
				3C5E10981A6C9018008D1E5E /* MYDEnterpriseIntroduceViewController.h */,
				3C5E10991A6C9018008D1E5E /* MYDEnterpriseIntroduceViewController.m */,
			);
			name = EnterpriseIntroduce;
			path = EnterpreseIntroduce;
			sourceTree = "<group>";
		};
		3C5E10931A6C8716008D1E5E /* MaterialIntroduce */ = {
			isa = PBXGroup;
			children = (
				3C5E109D1A6C9272008D1E5E /* MYDMaterialIntroduceViewController.h */,
				3C5E109E1A6C9272008D1E5E /* MYDMaterialIntroduceViewController.m */,
			);
			name = MaterialIntroduce;
			path = materialIntroduce;
			sourceTree = "<group>";
		};
		3C5E10941A6C8716008D1E5E /* PartyIntroduce */ = {
			isa = PBXGroup;
			children = (
				3C5E10A21A6C92D7008D1E5E /* MYDPartyIntroduceViewController.h */,
				3C5E10A31A6C92D7008D1E5E /* MYDPartyIntroduceViewController.m */,
			);
			path = PartyIntroduce;
			sourceTree = "<group>";
		};
		3C5E10951A6C8716008D1E5E /* PriceIntroduce */ = {
			isa = PBXGroup;
			children = (
				3C5E10A71A6C930A008D1E5E /* MYDPriceIntroduceViewController.h */,
				3C5E10A81A6C930A008D1E5E /* MYDPriceIntroduceViewController.m */,
			);
			path = PriceIntroduce;
			sourceTree = "<group>";
		};
		3C5E10961A6C8716008D1E5E /* ProjectIntroduce */ = {
			isa = PBXGroup;
			children = (
				3C5E10AC1A6C9338008D1E5E /* MYDProjectIntroduceViewController.h */,
				3C5E10AD1A6C9338008D1E5E /* MYDProjectIntroduceViewController.m */,
			);
			path = ProjectIntroduce;
			sourceTree = "<group>";
		};
		3C5E10971A6C8716008D1E5E /* WritingIntroduce */ = {
			isa = PBXGroup;
			children = (
				3C5E10B11A6C935D008D1E5E /* MYDWritingIntroduceViewController.h */,
				3C5E10B21A6C935D008D1E5E /* MYDWritingIntroduceViewController.m */,
			);
			path = WritingIntroduce;
			sourceTree = "<group>";
		};
		3C7E45921A877AC60063CD0E /* iCarousel */ = {
			isa = PBXGroup;
			children = (
				3C7E45931A877AC60063CD0E /* iCarousel.h */,
				3C7E45941A877AC60063CD0E /* iCarousel.m */,
			);
			path = iCarousel;
			sourceTree = "<group>";
		};
		3C7E45981A8790810063CD0E /* MBProgressHUD */ = {
			isa = PBXGroup;
			children = (
				3C7E45991A8790810063CD0E /* MBProgressHUD.h */,
				3C7E459A1A8790810063CD0E /* MBProgressHUD.m */,
			);
			path = MBProgressHUD;
			sourceTree = "<group>";
		};
		3C921CEA1A865DDD007EC0F1 /* 左侧栏 */ = {
			isa = PBXGroup;
			children = (
				3C921CEB1A865DDD007EC0F1 /* 02_icon@2x.png */,
				3C921CEC1A865DDD007EC0F1 /* 03_icon@2x.png */,
				3C921CED1A865DDD007EC0F1 /* 04_icon@2x.png */,
				3C921CEE1A865DDD007EC0F1 /* 05_icon@2x.png */,
				3C921CEF1A865DDD007EC0F1 /* 06_icon@2x.png */,
				3C921CF01A865DDD007EC0F1 /* 07_icon@2x.png */,
				3C921CF11A865DDD007EC0F1 /* 01_icon@2x.png */,
			);
			path = "左侧栏";
			sourceTree = "<group>";
		};
		3CC101851A7BD35D00A34B05 /* ImageSource */ = {
			isa = PBXGroup;
			children = (
				2043C1BB1AA4BCE300382205 /* 200-2.png */,
				2043C1B91AA4B99C00382205 /* logo-60-60.png */,
				2043C1B71AA4AF5100382205 /* back@2x.png */,
				2043C1B51AA4AD9300382205 /* logout@2x.png */,
				203C1BF81AA32188005B0D85 /* navigation_button_back@2x.png */,
				204647C01A9E23C700273CFD /* red.png */,
				2046CAC81A9DAB9A001DE9B7 /* Key@2x.png */,
				2046CAC91A9DAB9A001DE9B7 /* User@2x.png */,
				3CE5A6261A89AD5700702B29 /* Icons */,
				3C921CEA1A865DDD007EC0F1 /* 左侧栏 */,
				3CE5A62F1A89D41300702B29 /* btn_noSelected@2x.png */,
				3CE5A6301A89D41300702B29 /* btn_selected@2x.png */,
				3C602FF41A85F91400958A01 /* all_icon@2x.png */,
				3C602FF81A85FB6400958A01 /* all_icon_3@2x.png */,
				3C602FF61A85FA0900958A01 /* all_icon_1@2x.png */,
				3C602FF21A85F7D900958A01 /* home_bg@2x.png */,
				3CC101981A7BE2E200A34B05 /* query.png */,
				3CC1018C1A7BD8E200A34B05 /* 产品介绍.png */,
				3CC1018D1A7BD8E200A34B05 /* 活动方案.png */,
				3CC1018E1A7BD8E200A34B05 /* 价格表.png */,
				3CC1018F1A7BD8E200A34B05 /* 首页.PNG */,
				3CC101901A7BD8E200A34B05 /* 项目介绍.png */,
				3CC101911A7BD8E200A34B05 /* 作品展示.png */,
				3CC1018A1A7BD4EB00A34B05 /* headerBig.png */,
				3CC101881A7BD42E00A34B05 /* header.png */,
			);
			path = ImageSource;
			sourceTree = "<group>";
		};
		3CCC29171A6D44780087F280 /* SDWebImage */ = {
			isa = PBXGroup;
			children = (
				3CCC29181A6D44780087F280 /* MKAnnotationView+WebCache.h */,
				3CCC29191A6D44780087F280 /* MKAnnotationView+WebCache.m */,
				3CCC291A1A6D44780087F280 /* NSData+ImageContentType.h */,
				3CCC291B1A6D44780087F280 /* NSData+ImageContentType.m */,
				3CCC291C1A6D44780087F280 /* SDImageCache.h */,
				3CCC291D1A6D44780087F280 /* SDImageCache.m */,
				3CCC291E1A6D44780087F280 /* SDWebImageCompat.h */,
				3CCC291F1A6D44780087F280 /* SDWebImageCompat.m */,
				3CCC29201A6D44780087F280 /* SDWebImageDecoder.h */,
				3CCC29211A6D44780087F280 /* SDWebImageDecoder.m */,
				3CCC29221A6D44780087F280 /* SDWebImageDownloader.h */,
				3CCC29231A6D44780087F280 /* SDWebImageDownloader.m */,
				3CCC29241A6D44780087F280 /* SDWebImageDownloaderOperation.h */,
				3CCC29251A6D44780087F280 /* SDWebImageDownloaderOperation.m */,
				3CCC29261A6D44780087F280 /* SDWebImageManager.h */,
				3CCC29271A6D44780087F280 /* SDWebImageManager.m */,
				3CCC29281A6D44780087F280 /* SDWebImageOperation.h */,
				3CCC29291A6D44780087F280 /* SDWebImagePrefetcher.h */,
				3CCC292A1A6D44780087F280 /* SDWebImagePrefetcher.m */,
				3CCC292B1A6D44780087F280 /* UIButton+WebCache.h */,
				3CCC292C1A6D44780087F280 /* UIButton+WebCache.m */,
				3CCC292D1A6D44780087F280 /* UIImage+GIF.h */,
				3CCC292E1A6D44780087F280 /* UIImage+GIF.m */,
				3CCC292F1A6D44780087F280 /* UIImage+MultiFormat.h */,
				3CCC29301A6D44780087F280 /* UIImage+MultiFormat.m */,
				3CCC29311A6D44780087F280 /* UIImage+WebP.h */,
				3CCC29321A6D44780087F280 /* UIImage+WebP.m */,
				3CCC29331A6D44780087F280 /* UIImageView+HighlightedWebCache.h */,
				3CCC29341A6D44780087F280 /* UIImageView+HighlightedWebCache.m */,
				3CCC29351A6D44780087F280 /* UIImageView+WebCache.h */,
				3CCC29361A6D44780087F280 /* UIImageView+WebCache.m */,
				3CCC29371A6D44780087F280 /* UIView+WebCacheOperation.h */,
				3CCC29381A6D44780087F280 /* UIView+WebCacheOperation.m */,
			);
			path = SDWebImage;
			sourceTree = "<group>";
		};
		3CCEAC301A5CDCD300BF16F0 /* RESideMenu */ = {
			isa = PBXGroup;
			children = (
				3CCEAC311A5CDCD300BF16F0 /* RECommonFunctions.h */,
				3CCEAC321A5CDCD300BF16F0 /* RECommonFunctions.m */,
				3CCEAC331A5CDCD300BF16F0 /* RESideMenu.h */,
				3CCEAC341A5CDCD300BF16F0 /* RESideMenu.m */,
				3CCEAC351A5CDCD300BF16F0 /* UIViewController+RESideMenu.h */,
				3CCEAC361A5CDCD300BF16F0 /* UIViewController+RESideMenu.m */,
			);
			path = RESideMenu;
			sourceTree = "<group>";
		};
		3CCEAC3A1A5CDD9500BF16F0 /* ViewControllers */ = {
			isa = PBXGroup;
			children = (
				3C2A0CDD1A820D7200318799 /* PictureScrollViewController */,
				3CCEAC3B1A5CDDBE00BF16F0 /* BaseViewControllers */,
				3C2047E81A73A7AB0079B6C3 /* ItemDetail */,
				3C5E10921A6C8716008D1E5E /* EnterpriseIntroduce */,
				3C5E10931A6C8716008D1E5E /* MaterialIntroduce */,
				3C5E10941A6C8716008D1E5E /* PartyIntroduce */,
				3C5E10951A6C8716008D1E5E /* PriceIntroduce */,
				3C5E10961A6C8716008D1E5E /* ProjectIntroduce */,
				3C5E10971A6C8716008D1E5E /* WritingIntroduce */,
				3C5E108F1A6BFBC4008D1E5E /* CellViews */,
				3CCEAC581A5CEB4700BF16F0 /* MYDMainViewController.h */,
				3CCEAC591A5CEB4700BF16F0 /* MYDMainViewController.m */,
				3CCEAC5A1A5CEB4700BF16F0 /* MYDMainViewController.xib */,
				3CCB9DCB1A68A39300031372 /* MYDLoginViewController.h */,
				3CCB9DCC1A68A39300031372 /* MYDLoginViewController.m */,
				3CCB9DCD1A68A39300031372 /* MYDLoginViewController.xib */,
				3CCB9DD01A6907E000031372 /* MYDHomeViewController.h */,
				3CCB9DD11A6907E000031372 /* MYDHomeViewController.m */,
				3CCB9DD21A6907E000031372 /* MYDHomeViewController.xib */,
				208F3E511AA3F5C300003D32 /* MYDViewControllerManager.h */,
				208F3E521AA3F5C300003D32 /* MYDViewControllerManager.m */,
			);
			path = ViewControllers;
			sourceTree = "<group>";
		};
		3CCEAC3B1A5CDDBE00BF16F0 /* BaseViewControllers */ = {
			isa = PBXGroup;
			children = (
				3CCEAC3C1A5CDDE100BF16F0 /* MYDBaseNavigationController.h */,
				3CCEAC3D1A5CDDE100BF16F0 /* MYDBaseNavigationController.m */,
				3CCEAC481A5CDEDB00BF16F0 /* MYDBaseViewController.h */,
				3CCEAC491A5CDEDB00BF16F0 /* MYDBaseViewController.m */,
				3CCF8F9B1A5E62B20074ECED /* MYDBaseSplitViewController.h */,
				3CCF8F9C1A5E62B20074ECED /* MYDBaseSplitViewController.m */,
				3CA5E5321A714DD600A7CFF6 /* MYDBaseSubViewController.h */,
				3CA5E5331A714DD600A7CFF6 /* MYDBaseSubViewController.m */,
			);
			path = BaseViewControllers;
			sourceTree = "<group>";
		};
		3CCEAC5D1A5E0F1800BF16F0 /* KissXML */ = {
			isa = PBXGroup;
			children = (
				3CCEAC5E1A5E0F1800BF16F0 /* Additions */,
				3CCEAC611A5E0F1800BF16F0 /* Categories */,
				3CCEAC641A5E0F1800BF16F0 /* DDXML.h */,
				3CCEAC651A5E0F1800BF16F0 /* DDXMLDocument.h */,
				3CCEAC661A5E0F1800BF16F0 /* DDXMLDocument.m */,
				3CCEAC671A5E0F1800BF16F0 /* DDXMLElement.h */,
				3CCEAC681A5E0F1800BF16F0 /* DDXMLElement.m */,
				3CCEAC691A5E0F1800BF16F0 /* DDXMLNode.h */,
				3CCEAC6A1A5E0F1800BF16F0 /* DDXMLNode.m */,
				3CCEAC6B1A5E0F1800BF16F0 /* Private */,
			);
			path = KissXML;
			sourceTree = "<group>";
		};
		3CCEAC5E1A5E0F1800BF16F0 /* Additions */ = {
			isa = PBXGroup;
			children = (
				3CCEAC5F1A5E0F1800BF16F0 /* DDXMLElementAdditions.h */,
				3CCEAC601A5E0F1800BF16F0 /* DDXMLElementAdditions.m */,
			);
			path = Additions;
			sourceTree = "<group>";
		};
		3CCEAC611A5E0F1800BF16F0 /* Categories */ = {
			isa = PBXGroup;
			children = (
				3CCEAC621A5E0F1800BF16F0 /* NSString+DDXML.h */,
				3CCEAC631A5E0F1800BF16F0 /* NSString+DDXML.m */,
			);
			path = Categories;
			sourceTree = "<group>";
		};
		3CCEAC6B1A5E0F1800BF16F0 /* Private */ = {
			isa = PBXGroup;
			children = (
				3CCEAC6C1A5E0F1800BF16F0 /* DDXMLPrivate.h */,
			);
			path = Private;
			sourceTree = "<group>";
		};
		3CCF8F8A1A5E57730074ECED /* fmdb */ = {
			isa = PBXGroup;
			children = (
				3CCF8F8B1A5E57730074ECED /* FMDatabase.h */,
				3CCF8F8C1A5E57730074ECED /* FMDatabase.m */,
				3CCF8F8D1A5E57730074ECED /* FMDatabaseAdditions.h */,
				3CCF8F8E1A5E57730074ECED /* FMDatabaseAdditions.m */,
				3CCF8F8F1A5E57730074ECED /* FMDatabasePool.h */,
				3CCF8F901A5E57730074ECED /* FMDatabasePool.m */,
				3CCF8F911A5E57730074ECED /* FMDatabaseQueue.h */,
				3CCF8F921A5E57730074ECED /* FMDatabaseQueue.m */,
				3CCF8F931A5E57730074ECED /* FMDB.h */,
				3CCF8F941A5E57730074ECED /* FMResultSet.h */,
				3CCF8F951A5E57730074ECED /* FMResultSet.m */,
			);
			path = fmdb;
			sourceTree = "<group>";
		};
		3CCF8FAA1A5F60D60074ECED /* DataOperation */ = {
			isa = PBXGroup;
			children = (
				3CCF8FAB1A5F60D60074ECED /* MYDPackageManager.h */,
				3CCF8FAC1A5F60D60074ECED /* MYDPackageManager.m */,
				3CCF8FAE1A5F611B0074ECED /* MYDDBManager.h */,
				3CCF8FAF1A5F611B0074ECED /* MYDDBManager.m */,
			);
			path = DataOperation;
			sourceTree = "<group>";
		};
		3CE5A6261A89AD5700702B29 /* Icons */ = {
			isa = PBXGroup;
			children = (
				3CE5A6271A89AD5700702B29 /* LOGO_144X144.png */,
				3CE5A6281A89AD5700702B29 /* LOGO_152X152.png */,
				3CE5A6291A89AD5700702B29 /* LOGO_72X72.png */,
				3CE5A62A1A89AD5700702B29 /* LOGO_76X76.png */,
			);
			path = Icons;
			sourceTree = "<group>";
		};
/* End PBXGroup section */

/* Begin PBXNativeTarget section */
		3C239E281A5BBF30008419A4 /* MeiYiDian */ = {
			isa = PBXNativeTarget;
			buildConfigurationList = 3C239E4C1A5BBF30008419A4 /* Build configuration list for PBXNativeTarget "MeiYiDian" */;
			buildPhases = (
				3C239E251A5BBF30008419A4 /* Sources */,
				3C239E261A5BBF30008419A4 /* Frameworks */,
				3C239E271A5BBF30008419A4 /* Resources */,
			);
			buildRules = (
			);
			dependencies = (
			);
			name = MeiYiDian;
			productName = MeiYiDian;
			productReference = 3C239E291A5BBF30008419A4 /* MeiYiDian.app */;
			productType = "com.apple.product-type.application";
		};
		3C239E411A5BBF30008419A4 /* MeiYiDianTests */ = {
			isa = PBXNativeTarget;
			buildConfigurationList = 3C239E4F1A5BBF30008419A4 /* Build configuration list for PBXNativeTarget "MeiYiDianTests" */;
			buildPhases = (
				3C239E3E1A5BBF30008419A4 /* Sources */,
				3C239E3F1A5BBF30008419A4 /* Frameworks */,
				3C239E401A5BBF30008419A4 /* Resources */,
			);
			buildRules = (
			);
			dependencies = (
				3C239E441A5BBF30008419A4 /* PBXTargetDependency */,
			);
			name = MeiYiDianTests;
			productName = MeiYiDianTests;
			productReference = 3C239E421A5BBF30008419A4 /* MeiYiDianTests.xctest */;
			productType = "com.apple.product-type.bundle.unit-test";
		};
/* End PBXNativeTarget section */

/* Begin PBXProject section */
		3C239E211A5BBF30008419A4 /* Project object */ = {
			isa = PBXProject;
			attributes = {
				LastUpgradeCheck = 0610;
				ORGANIZATIONNAME = childrenAreOurFuture;
				TargetAttributes = {
					3C239E281A5BBF30008419A4 = {
						CreatedOnToolsVersion = 6.1.1;
						DevelopmentTeam = Z5B9P6J2Z5;
					};
					3C239E411A5BBF30008419A4 = {
						CreatedOnToolsVersion = 6.1.1;
						TestTargetID = 3C239E281A5BBF30008419A4;
					};
				};
			};
			buildConfigurationList = 3C239E241A5BBF30008419A4 /* Build configuration list for PBXProject "MeiYiDian" */;
			compatibilityVersion = "Xcode 3.2";
			developmentRegion = English;
			hasScannedForEncodings = 0;
			knownRegions = (
				en,
				Base,
			);
			mainGroup = 3C239E201A5BBF30008419A4;
			productRefGroup = 3C239E2A1A5BBF30008419A4 /* Products */;
			projectDirPath = "";
			projectRoot = "";
			targets = (
				3C239E281A5BBF30008419A4 /* MeiYiDian */,
				3C239E411A5BBF30008419A4 /* MeiYiDianTests */,
			);
		};
/* End PBXProject section */

/* Begin PBXResourcesBuildPhase section */
		3C239E271A5BBF30008419A4 /* Resources */ = {
			isa = PBXResourcesBuildPhase;
			buildActionMask = 2147483647;
			files = (
				3CC101951A7BD8E200A34B05 /* 首页.PNG in Resources */,
				2043C1BC1AA4BCE300382205 /* 200-2.png in Resources */,
				2043C1B61AA4AD9300382205 /* logout@2x.png in Resources */,
				3CCB9DCF1A68A39300031372 /* MYDLoginViewController.xib in Resources */,
				3C921CF71A865DDD007EC0F1 /* 07_icon@2x.png in Resources */,
				3CE5A62E1A89AD5700702B29 /* LOGO_76X76.png in Resources */,
				3CC101991A7BE2E200A34B05 /* query.png in Resources */,
				3C921CF21A865DDD007EC0F1 /* 02_icon@2x.png in Resources */,
				3C239E3D1A5BBF30008419A4 /* LaunchScreen.xib in Resources */,
				3CE5A6311A89D41300702B29 /* btn_noSelected@2x.png in Resources */,
				3C602FF51A85F91400958A01 /* all_icon@2x.png in Resources */,
				3C7E45971A877E3D0063CD0E /* MYDPictureScrollViewController.xib in Resources */,
				3CC9122F1A8AF4A100359579 /* MYDCollectionViewCell.xib in Resources */,
				3CE5A62B1A89AD5700702B29 /* LOGO_144X144.png in Resources */,
				3CCB9DD41A6907E000031372 /* MYDHomeViewController.xib in Resources */,
				3CC1018B1A7BD4EB00A34B05 /* headerBig.png in Resources */,
				3C602FF71A85FA0900958A01 /* all_icon_1@2x.png in Resources */,
				2043C1BA1AA4B99C00382205 /* logo-60-60.png in Resources */,
				3C239E3A1A5BBF30008419A4 /* Images.xcassets in Resources */,
				3C921CF61A865DDD007EC0F1 /* 06_icon@2x.png in Resources */,
				3CE5A6321A89D41300702B29 /* btn_selected@2x.png in Resources */,
				3C602FF91A85FB6400958A01 /* all_icon_3@2x.png in Resources */,
				3CCEAC5C1A5CEB4700BF16F0 /* MYDMainViewController.xib in Resources */,
				3CC101891A7BD42E00A34B05 /* header.png in Resources */,
				3C602FF31A85F7D900958A01 /* home_bg@2x.png in Resources */,
				3CC8B2351A8B9C9D00C0D277 /* MYDCollectionViewCell2.xib in Resources */,
				2046CACB1A9DAB9A001DE9B7 /* User@2x.png in Resources */,
				3C921CF51A865DDD007EC0F1 /* 05_icon@2x.png in Resources */,
				3C921CF81A865DDD007EC0F1 /* 01_icon@2x.png in Resources */,
				3C921CF41A865DDD007EC0F1 /* 04_icon@2x.png in Resources */,
				2046CACA1A9DAB9A001DE9B7 /* Key@2x.png in Resources */,
				3CC101931A7BD8E200A34B05 /* 活动方案.png in Resources */,
				203C1BF91AA32188005B0D85 /* navigation_button_back@2x.png in Resources */,
				3C97A9471A7CB24B00EE191B /* MYDImageScrollViewController.xib in Resources */,
				2043C1B81AA4AF5200382205 /* back@2x.png in Resources */,
				204647C11A9E23C700273CFD /* red.png in Resources */,
				3CE5A62D1A89AD5700702B29 /* LOGO_72X72.png in Resources */,
				3CC101971A7BD8E200A34B05 /* 作品展示.png in Resources */,
				3CC101961A7BD8E200A34B05 /* 项目介绍.png in Resources */,
				3CE5A62C1A89AD5700702B29 /* LOGO_152X152.png in Resources */,
				3C921CF31A865DDD007EC0F1 /* 03_icon@2x.png in Resources */,
				3CC101941A7BD8E200A34B05 /* 价格表.png in Resources */,
				3C2047F01A73AA9B0079B6C3 /* MYDItemDetailView.xib in Resources */,
				3CC101921A7BD8E200A34B05 /* 产品介绍.png in Resources */,
			);
			runOnlyForDeploymentPostprocessing = 0;
		};
		3C239E401A5BBF30008419A4 /* Resources */ = {
			isa = PBXResourcesBuildPhase;
			buildActionMask = 2147483647;
			files = (
			);
			runOnlyForDeploymentPostprocessing = 0;
		};
/* End PBXResourcesBuildPhase section */

/* Begin PBXSourcesBuildPhase section */
		3C239E251A5BBF30008419A4 /* Sources */ = {
			isa = PBXSourcesBuildPhase;
			buildActionMask = 2147483647;
			files = (
				3CCEAC5B1A5CEB4700BF16F0 /* MYDMainViewController.m in Sources */,
				3CCC29451A6D44780087F280 /* UIImage+WebP.m in Sources */,
				3CCC29421A6D44780087F280 /* UIButton+WebCache.m in Sources */,
				3C239EB21A5BC612008419A4 /* ASIDataCompressor.m in Sources */,
				3CCEAC371A5CDCD300BF16F0 /* RECommonFunctions.m in Sources */,
				3CCF8F981A5E57730074ECED /* FMDatabasePool.m in Sources */,
				3CCF8F991A5E57730074ECED /* FMDatabaseQueue.m in Sources */,
				3C239EB61A5BC612008419A4 /* ASIHTTPRequest.m in Sources */,
				3CCC293B1A6D44780087F280 /* SDImageCache.m in Sources */,
				3CCF8F9D1A5E62B20074ECED /* MYDBaseSplitViewController.m in Sources */,
				3CCC293A1A6D44780087F280 /* NSData+ImageContentType.m in Sources */,
				3C5E109B1A6C9018008D1E5E /* MYDEnterpriseIntroduceViewController.m in Sources */,
				3C239EB11A5BC612008419A4 /* ASIAuthenticationDialog.m in Sources */,
				3C5E10B41A6C935D008D1E5E /* MYDWritingIntroduceViewController.m in Sources */,
				3CCC29391A6D44780087F280 /* MKAnnotationView+WebCache.m in Sources */,
				207C0C9A1AAD298100A8DA64 /* MYDTitleSwitchView.m in Sources */,
				3CCEAC3E1A5CDDE100BF16F0 /* MYDBaseNavigationController.m in Sources */,
				3CCEAC4A1A5CDEDB00BF16F0 /* MYDBaseViewController.m in Sources */,
				3CCC29471A6D44780087F280 /* UIImageView+WebCache.m in Sources */,
				3CCF8FB01A5F611B0074ECED /* MYDDBManager.m in Sources */,
				3C239EB51A5BC612008419A4 /* ASIFormDataRequest.m in Sources */,
				3CCC293F1A6D44780087F280 /* SDWebImageDownloaderOperation.m in Sources */,
				3CC8B2341A8B9C9D00C0D277 /* MYDCollectionViewCell2.m in Sources */,
				3CCF8F9A1A5E57730074ECED /* FMResultSet.m in Sources */,
				3C239EDA1A5BC7E1008419A4 /* MYDMediator.m in Sources */,
				3C239E321A5BBF30008419A4 /* AppDelegate.m in Sources */,
				3C7E459B1A8790810063CD0E /* MBProgressHUD.m in Sources */,
				3C7E45951A877AC60063CD0E /* iCarousel.m in Sources */,
				3CA5E5341A714DD600A7CFF6 /* MYDBaseSubViewController.m in Sources */,
				3CCEAC711A5E0F1800BF16F0 /* DDXMLNode.m in Sources */,
				3CCC293C1A6D44780087F280 /* SDWebImageCompat.m in Sources */,
				3CCF8F961A5E57730074ECED /* FMDatabase.m in Sources */,
				3CCC29431A6D44780087F280 /* UIImage+GIF.m in Sources */,
				3CCC29461A6D44780087F280 /* UIImageView+HighlightedWebCache.m in Sources */,
				3C5E10AF1A6C9338008D1E5E /* MYDProjectIntroduceViewController.m in Sources */,
				3CCC29441A6D44780087F280 /* UIImage+MultiFormat.m in Sources */,
				3CCEAC6D1A5E0F1800BF16F0 /* DDXMLElementAdditions.m in Sources */,
				3CCEAC381A5CDCD300BF16F0 /* RESideMenu.m in Sources */,
				3C239EB71A5BC612008419A4 /* ASIInputStream.m in Sources */,
				3CCC29401A6D44780087F280 /* SDWebImageManager.m in Sources */,
				3CCC293D1A6D44780087F280 /* SDWebImageDecoder.m in Sources */,
				3CCB9DD31A6907E000031372 /* MYDHomeViewController.m in Sources */,
				3CCEAC6F1A5E0F1800BF16F0 /* DDXMLDocument.m in Sources */,
				3C5E10A51A6C92D7008D1E5E /* MYDPartyIntroduceViewController.m in Sources */,
				3C239E2F1A5BBF30008419A4 /* main.m in Sources */,
				3CCF8F971A5E57730074ECED /* FMDatabaseAdditions.m in Sources */,
				3CCC293E1A6D44780087F280 /* SDWebImageDownloader.m in Sources */,
				3CCC29481A6D44780087F280 /* UIView+WebCacheOperation.m in Sources */,
				3C239EB81A5BC612008419A4 /* ASINetworkQueue.m in Sources */,
				3C97A9461A7CB24B00EE191B /* MYDImageScrollViewController.m in Sources */,
				3C2047F31A73AC620079B6C3 /* MYDItemDetailView.m in Sources */,
				3CC9122E1A8AF4A100359579 /* MYDCollectionViewCell.m in Sources */,
				3C239EB31A5BC612008419A4 /* ASIDataDecompressor.m in Sources */,
				3C726BED1A763588000E577A /* MYDProgressManager.m in Sources */,
				3C239EB41A5BC612008419A4 /* ASIDownloadCache.m in Sources */,
				3C602FF01A85E3A700958A01 /* MYDCell1.m in Sources */,
				3CCF8F891A5E2B450074ECED /* MYDNetwork.m in Sources */,
				3CC67C971A7781370043DE4C /* MYDScrollView.m in Sources */,
				3CCC29411A6D44780087F280 /* SDWebImagePrefetcher.m in Sources */,
				3C5E10A01A6C9272008D1E5E /* MYDMaterialIntroduceViewController.m in Sources */,
				3CCEAC701A5E0F1800BF16F0 /* DDXMLElement.m in Sources */,
				3CCEAC6E1A5E0F1800BF16F0 /* NSString+DDXML.m in Sources */,
				3C239ED71A5BC612008419A4 /* Reachability.m in Sources */,
				3C5E10AA1A6C930A008D1E5E /* MYDPriceIntroduceViewController.m in Sources */,
				3CCB9DCE1A68A39300031372 /* MYDLoginViewController.m in Sources */,
				3CCEAC391A5CDCD300BF16F0 /* UIViewController+RESideMenu.m in Sources */,
				208F3E531AA3F5C300003D32 /* MYDViewControllerManager.m in Sources */,
				3CCF8FAD1A5F60D60074ECED /* MYDPackageManager.m in Sources */,
				3C2A0CE01A820D8F00318799 /* MYDPictureScrollViewController.m in Sources */,
			);
			runOnlyForDeploymentPostprocessing = 0;
		};
		3C239E3E1A5BBF30008419A4 /* Sources */ = {
			isa = PBXSourcesBuildPhase;
			buildActionMask = 2147483647;
			files = (
				3C239E491A5BBF30008419A4 /* MeiYiDianTests.m in Sources */,
			);
			runOnlyForDeploymentPostprocessing = 0;
		};
/* End PBXSourcesBuildPhase section */

/* Begin PBXTargetDependency section */
		3C239E441A5BBF30008419A4 /* PBXTargetDependency */ = {
			isa = PBXTargetDependency;
			target = 3C239E281A5BBF30008419A4 /* MeiYiDian */;
			targetProxy = 3C239E431A5BBF30008419A4 /* PBXContainerItemProxy */;
		};
/* End PBXTargetDependency section */

/* Begin PBXVariantGroup section */
		3C239E3B1A5BBF30008419A4 /* LaunchScreen.xib */ = {
			isa = PBXVariantGroup;
			children = (
				3C239E3C1A5BBF30008419A4 /* Base */,
			);
			name = LaunchScreen.xib;
			sourceTree = "<group>";
		};
/* End PBXVariantGroup section */

/* Begin XCBuildConfiguration section */
		3C239E4A1A5BBF30008419A4 /* Debug */ = {
			isa = XCBuildConfiguration;
			buildSettings = {
				ALWAYS_SEARCH_USER_PATHS = NO;
				CLANG_CXX_LANGUAGE_STANDARD = "gnu++0x";
				CLANG_CXX_LIBRARY = "libc++";
				CLANG_ENABLE_MODULES = YES;
				CLANG_ENABLE_OBJC_ARC = YES;
				CLANG_WARN_BOOL_CONVERSION = YES;
				CLANG_WARN_CONSTANT_CONVERSION = YES;
				CLANG_WARN_DIRECT_OBJC_ISA_USAGE = YES_ERROR;
				CLANG_WARN_EMPTY_BODY = YES;
				CLANG_WARN_ENUM_CONVERSION = YES;
				CLANG_WARN_INT_CONVERSION = YES;
				CLANG_WARN_OBJC_ROOT_CLASS = YES_ERROR;
				CLANG_WARN_UNREACHABLE_CODE = YES;
				CLANG_WARN__DUPLICATE_METHOD_MATCH = YES;
				"CODE_SIGN_IDENTITY[sdk=iphoneos*]" = "iPhone Developer";
				COPY_PHASE_STRIP = NO;
				ENABLE_STRICT_OBJC_MSGSEND = YES;
				GCC_C_LANGUAGE_STANDARD = gnu99;
				GCC_DYNAMIC_NO_PIC = NO;
				GCC_OPTIMIZATION_LEVEL = 0;
				GCC_PREPROCESSOR_DEFINITIONS = (
					"DEBUG=1",
					"$(inherited)",
				);
				GCC_SYMBOLS_PRIVATE_EXTERN = NO;
				GCC_WARN_64_TO_32_BIT_CONVERSION = YES;
				GCC_WARN_ABOUT_RETURN_TYPE = YES_ERROR;
				GCC_WARN_UNDECLARED_SELECTOR = YES;
				GCC_WARN_UNINITIALIZED_AUTOS = YES_AGGRESSIVE;
				GCC_WARN_UNUSED_FUNCTION = YES;
				GCC_WARN_UNUSED_VARIABLE = YES;
				IPHONEOS_DEPLOYMENT_TARGET = 8.1;
				MTL_ENABLE_DEBUG_INFO = YES;
				ONLY_ACTIVE_ARCH = YES;
				SDKROOT = iphoneos;
				TARGETED_DEVICE_FAMILY = 2;
			};
			name = Debug;
		};
		3C239E4B1A5BBF30008419A4 /* Release */ = {
			isa = XCBuildConfiguration;
			buildSettings = {
				ALWAYS_SEARCH_USER_PATHS = NO;
				CLANG_CXX_LANGUAGE_STANDARD = "gnu++0x";
				CLANG_CXX_LIBRARY = "libc++";
				CLANG_ENABLE_MODULES = YES;
				CLANG_ENABLE_OBJC_ARC = YES;
				CLANG_WARN_BOOL_CONVERSION = YES;
				CLANG_WARN_CONSTANT_CONVERSION = YES;
				CLANG_WARN_DIRECT_OBJC_ISA_USAGE = YES_ERROR;
				CLANG_WARN_EMPTY_BODY = YES;
				CLANG_WARN_ENUM_CONVERSION = YES;
				CLANG_WARN_INT_CONVERSION = YES;
				CLANG_WARN_OBJC_ROOT_CLASS = YES_ERROR;
				CLANG_WARN_UNREACHABLE_CODE = YES;
				CLANG_WARN__DUPLICATE_METHOD_MATCH = YES;
				"CODE_SIGN_IDENTITY[sdk=iphoneos*]" = "iPhone Developer";
				COPY_PHASE_STRIP = YES;
				ENABLE_NS_ASSERTIONS = NO;
				ENABLE_STRICT_OBJC_MSGSEND = YES;
				GCC_C_LANGUAGE_STANDARD = gnu99;
				GCC_WARN_64_TO_32_BIT_CONVERSION = YES;
				GCC_WARN_ABOUT_RETURN_TYPE = YES_ERROR;
				GCC_WARN_UNDECLARED_SELECTOR = YES;
				GCC_WARN_UNINITIALIZED_AUTOS = YES_AGGRESSIVE;
				GCC_WARN_UNUSED_FUNCTION = YES;
				GCC_WARN_UNUSED_VARIABLE = YES;
				IPHONEOS_DEPLOYMENT_TARGET = 8.1;
				MTL_ENABLE_DEBUG_INFO = NO;
				SDKROOT = iphoneos;
				TARGETED_DEVICE_FAMILY = 2;
				VALIDATE_PRODUCT = YES;
			};
			name = Release;
		};
		3C239E4D1A5BBF30008419A4 /* Debug */ = {
			isa = XCBuildConfiguration;
			buildSettings = {
				ASSETCATALOG_COMPILER_APPICON_NAME = AppIcon;
				ASSETCATALOG_COMPILER_LAUNCHIMAGE_NAME = LaunchImage;
				CODE_SIGN_IDENTITY = "iPhone Developer";
				GCC_INCREASE_PRECOMPILED_HEADER_SHARING = NO;
				GCC_PRECOMPILE_PREFIX_HEADER = YES;
				GCC_PREFIX_HEADER = "MeiYiDian/MeiYiDian-Prefix.pch";
				HEADER_SEARCH_PATHS = (
					"$(inherited)",
					/Applications/Xcode.app/Contents/Developer/Toolchains/XcodeDefault.xctoolchain/usr/include,
					/usr/include/libxml2,
				);
				INFOPLIST_FILE = MeiYiDian/Info.plist;
				IPHONEOS_DEPLOYMENT_TARGET = 7.0;
				LD_RUNPATH_SEARCH_PATHS = "$(inherited) @executable_path/Frameworks";
				LINKER_DISPLAYS_MANGLED_NAMES = NO;
				OTHER_LDFLAGS = "-lxml2";
				PRODUCT_NAME = "$(TARGET_NAME)";
				PROVISIONING_PROFILE = "35eebf96-9463-4fc4-a8fd-ad630d9a25d7";
			};
			name = Debug;
		};
		3C239E4E1A5BBF30008419A4 /* Release */ = {
			isa = XCBuildConfiguration;
			buildSettings = {
				ASSETCATALOG_COMPILER_APPICON_NAME = AppIcon;
				ASSETCATALOG_COMPILER_LAUNCHIMAGE_NAME = LaunchImage;
				CODE_SIGN_IDENTITY = "iPhone Developer";
				GCC_INCREASE_PRECOMPILED_HEADER_SHARING = NO;
				GCC_PRECOMPILE_PREFIX_HEADER = YES;
				GCC_PREFIX_HEADER = "MeiYiDian/MeiYiDian-Prefix.pch";
				HEADER_SEARCH_PATHS = (
					"$(inherited)",
					/Applications/Xcode.app/Contents/Developer/Toolchains/XcodeDefault.xctoolchain/usr/include,
					/usr/include/libxml2,
				);
				INFOPLIST_FILE = MeiYiDian/Info.plist;
				IPHONEOS_DEPLOYMENT_TARGET = 7.0;
				LD_RUNPATH_SEARCH_PATHS = "$(inherited) @executable_path/Frameworks";
				LINKER_DISPLAYS_MANGLED_NAMES = NO;
				OTHER_LDFLAGS = "-lxml2";
				PRODUCT_NAME = "$(TARGET_NAME)";
				PROVISIONING_PROFILE = "35eebf96-9463-4fc4-a8fd-ad630d9a25d7";
			};
			name = Release;
		};
		3C239E501A5BBF30008419A4 /* Debug */ = {
			isa = XCBuildConfiguration;
			buildSettings = {
				BUNDLE_LOADER = "$(TEST_HOST)";
				FRAMEWORK_SEARCH_PATHS = (
					"$(SDKROOT)/Developer/Library/Frameworks",
					"$(inherited)",
				);
				GCC_PREPROCESSOR_DEFINITIONS = (
					"DEBUG=1",
					"$(inherited)",
				);
				INFOPLIST_FILE = MeiYiDianTests/Info.plist;
				LD_RUNPATH_SEARCH_PATHS = "$(inherited) @executable_path/Frameworks @loader_path/Frameworks";
				PRODUCT_NAME = "$(TARGET_NAME)";
				TEST_HOST = "$(BUILT_PRODUCTS_DIR)/MeiYiDian.app/MeiYiDian";
			};
			name = Debug;
		};
		3C239E511A5BBF30008419A4 /* Release */ = {
			isa = XCBuildConfiguration;
			buildSettings = {
				BUNDLE_LOADER = "$(TEST_HOST)";
				FRAMEWORK_SEARCH_PATHS = (
					"$(SDKROOT)/Developer/Library/Frameworks",
					"$(inherited)",
				);
				INFOPLIST_FILE = MeiYiDianTests/Info.plist;
				LD_RUNPATH_SEARCH_PATHS = "$(inherited) @executable_path/Frameworks @loader_path/Frameworks";
				PRODUCT_NAME = "$(TARGET_NAME)";
				TEST_HOST = "$(BUILT_PRODUCTS_DIR)/MeiYiDian.app/MeiYiDian";
			};
			name = Release;
		};
/* End XCBuildConfiguration section */

/* Begin XCConfigurationList section */
		3C239E241A5BBF30008419A4 /* Build configuration list for PBXProject "MeiYiDian" */ = {
			isa = XCConfigurationList;
			buildConfigurations = (
				3C239E4A1A5BBF30008419A4 /* Debug */,
				3C239E4B1A5BBF30008419A4 /* Release */,
			);
			defaultConfigurationIsVisible = 0;
			defaultConfigurationName = Release;
		};
		3C239E4C1A5BBF30008419A4 /* Build configuration list for PBXNativeTarget "MeiYiDian" */ = {
			isa = XCConfigurationList;
			buildConfigurations = (
				3C239E4D1A5BBF30008419A4 /* Debug */,
				3C239E4E1A5BBF30008419A4 /* Release */,
			);
			defaultConfigurationIsVisible = 0;
			defaultConfigurationName = Release;
		};
		3C239E4F1A5BBF30008419A4 /* Build configuration list for PBXNativeTarget "MeiYiDianTests" */ = {
			isa = XCConfigurationList;
			buildConfigurations = (
				3C239E501A5BBF30008419A4 /* Debug */,
				3C239E511A5BBF30008419A4 /* Release */,
			);
			defaultConfigurationIsVisible = 0;
			defaultConfigurationName = Release;
		};
/* End XCConfigurationList section */
	};
	rootObject = 3C239E211A5BBF30008419A4 /* Project object */;
}
